
Microsoft Visual Studio Solution File, Format Version 12.00
# Visual Studio 2013
VisualStudioVersion = 12.0.21005.1
MinimumVisualStudioVersion = 10.0.40219.1
Project("{8BC9CEB8-8B4A-11D0-8D11-00A0C91BC942}") = "Peramoottori", "Peramoottori.vcxproj", "{E8B040CD-E7BD-499F-B4F0-38DD7D17EC70}"
	ProjectSection(ProjectDependencies) = postProject
		{3E7F0F70-AE12-4F93-982E-CCCBBFD51219} = {3E7F0F70-AE12-4F93-982E-CCCBBFD51219}
		{78B079BD-9FC7-4B9E-B4A6-96DA0F00248B} = {78B079BD-9FC7-4B9E-B4A6-96DA0F00248B}
	EndProjectSection
EndProject
Project("{8BC9CEB8-8B4A-11D0-8D11-00A0C91BC942}") = "freetype", "libs\freetype.vcxproj", "{78B079BD-9FC7-4B9E-B4A6-96DA0F00248B}"
EndProject
Project("{8BC9CEB8-8B4A-11D0-8D11-00A0C91BC942}") = "PeraLib", "..\PeraLib\PeraLib.vcxproj", "{88740431-0C37-4AF2-8E0E-7C22B9404337}"
	ProjectSection(ProjectDependencies) = postProject
		{78B079BD-9FC7-4B9E-B4A6-96DA0F00248B} = {78B079BD-9FC7-4B9E-B4A6-96DA0F00248B}
	EndProjectSection
EndProject
Project("{8BC9CEB8-8B4A-11D0-8D11-00A0C91BC942}") = "PeraPeli", "..\PeraPeli\PeraPeli.vcxproj", "{97E30C33-1EFB-4275-8D46-A5E4BD98E597}"
	ProjectSection(ProjectDependencies) = postProject
		{88740431-0C37-4AF2-8E0E-7C22B9404337} = {88740431-0C37-4AF2-8E0E-7C22B9404337}
		{78B079BD-9FC7-4B9E-B4A6-96DA0F00248B} = {78B079BD-9FC7-4B9E-B4A6-96DA0F00248B}
	EndProjectSection
EndProject
Project("{8BC9CEB8-8B4A-11D0-8D11-00A0C91BC942}") = "PeraTest", "..\PeraTest\PeraTest.vcxproj", "{F16775B0-E04F-4A2F-801F-B73608B09B1C}"
	ProjectSection(ProjectDependencies) = postProject
		{88740431-0C37-4AF2-8E0E-7C22B9404337} = {88740431-0C37-4AF2-8E0E-7C22B9404337}
		{78B079BD-9FC7-4B9E-B4A6-96DA0F00248B} = {78B079BD-9FC7-4B9E-B4A6-96DA0F00248B}
	EndProjectSection
EndProject
Project("{8BC9CEB8-8B4A-11D0-8D11-00A0C91BC942}") = "Android2D", "libs\Android2D\Android2D.vcxproj", "{3E7F0F70-AE12-4F93-982E-CCCBBFD51219}"
EndProject
Global
	GlobalSection(SolutionConfigurationPlatforms) = preSolution
		Debug Multithreaded|Mixed Platforms = Debug Multithreaded|Mixed Platforms
		Debug Multithreaded|Tegra-Android = Debug Multithreaded|Tegra-Android
		Debug Multithreaded|Win32 = Debug Multithreaded|Win32
		Debug Multithreaded|x64 = Debug Multithreaded|x64
		Debug Singlethreaded|Mixed Platforms = Debug Singlethreaded|Mixed Platforms
		Debug Singlethreaded|Tegra-Android = Debug Singlethreaded|Tegra-Android
		Debug Singlethreaded|Win32 = Debug Singlethreaded|Win32
		Debug Singlethreaded|x64 = Debug Singlethreaded|x64
		Debug|Mixed Platforms = Debug|Mixed Platforms
		Debug|Tegra-Android = Debug|Tegra-Android
		Debug|Win32 = Debug|Win32
		Debug|x64 = Debug|x64
		Release Multithreaded|Mixed Platforms = Release Multithreaded|Mixed Platforms
		Release Multithreaded|Tegra-Android = Release Multithreaded|Tegra-Android
		Release Multithreaded|Win32 = Release Multithreaded|Win32
		Release Multithreaded|x64 = Release Multithreaded|x64
		Release Singlethreaded|Mixed Platforms = Release Singlethreaded|Mixed Platforms
		Release Singlethreaded|Tegra-Android = Release Singlethreaded|Tegra-Android
		Release Singlethreaded|Win32 = Release Singlethreaded|Win32
		Release Singlethreaded|x64 = Release Singlethreaded|x64
		Release|Mixed Platforms = Release|Mixed Platforms
		Release|Tegra-Android = Release|Tegra-Android
		Release|Win32 = Release|Win32
		Release|x64 = Release|x64
		Shipping|Mixed Platforms = Shipping|Mixed Platforms
		Shipping|Tegra-Android = Shipping|Tegra-Android
		Shipping|Win32 = Shipping|Win32
		Shipping|x64 = Shipping|x64
	EndGlobalSection
	GlobalSection(ProjectConfigurationPlatforms) = postSolution
		{E8B040CD-E7BD-499F-B4F0-38DD7D17EC70}.Debug Multithreaded|Mixed Platforms.ActiveCfg = Release|Tegra-Android
		{E8B040CD-E7BD-499F-B4F0-38DD7D17EC70}.Debug Multithreaded|Mixed Platforms.Build.0 = Release|Tegra-Android
		{E8B040CD-E7BD-499F-B4F0-38DD7D17EC70}.Debug Multithreaded|Tegra-Android.ActiveCfg = Release|Tegra-Android
		{E8B040CD-E7BD-499F-B4F0-38DD7D17EC70}.Debug Multithreaded|Win32.ActiveCfg = Debug|Tegra-Android
		{E8B040CD-E7BD-499F-B4F0-38DD7D17EC70}.Debug Multithreaded|x64.ActiveCfg = Debug|Tegra-Android
		{E8B040CD-E7BD-499F-B4F0-38DD7D17EC70}.Debug Singlethreaded|Mixed Platforms.ActiveCfg = Release|Tegra-Android
		{E8B040CD-E7BD-499F-B4F0-38DD7D17EC70}.Debug Singlethreaded|Mixed Platforms.Build.0 = Release|Tegra-Android
		{E8B040CD-E7BD-499F-B4F0-38DD7D17EC70}.Debug Singlethreaded|Tegra-Android.ActiveCfg = Release|Tegra-Android
		{E8B040CD-E7BD-499F-B4F0-38DD7D17EC70}.Debug Singlethreaded|Win32.ActiveCfg = Debug|Tegra-Android
		{E8B040CD-E7BD-499F-B4F0-38DD7D17EC70}.Debug Singlethreaded|x64.ActiveCfg = Debug|Tegra-Android
		{E8B040CD-E7BD-499F-B4F0-38DD7D17EC70}.Debug|Mixed Platforms.ActiveCfg = Release|Tegra-Android
		{E8B040CD-E7BD-499F-B4F0-38DD7D17EC70}.Debug|Mixed Platforms.Build.0 = Release|Tegra-Android
		{E8B040CD-E7BD-499F-B4F0-38DD7D17EC70}.Debug|Tegra-Android.ActiveCfg = Debug|Tegra-Android
		{E8B040CD-E7BD-499F-B4F0-38DD7D17EC70}.Debug|Tegra-Android.Build.0 = Debug|Tegra-Android
		{E8B040CD-E7BD-499F-B4F0-38DD7D17EC70}.Debug|Win32.ActiveCfg = Debug|Tegra-Android
		{E8B040CD-E7BD-499F-B4F0-38DD7D17EC70}.Debug|x64.ActiveCfg = Debug|Tegra-Android
		{E8B040CD-E7BD-499F-B4F0-38DD7D17EC70}.Release Multithreaded|Mixed Platforms.ActiveCfg = Release|Tegra-Android
		{E8B040CD-E7BD-499F-B4F0-38DD7D17EC70}.Release Multithreaded|Mixed Platforms.Build.0 = Release|Tegra-Android
		{E8B040CD-E7BD-499F-B4F0-38DD7D17EC70}.Release Multithreaded|Tegra-Android.ActiveCfg = Release|Tegra-Android
		{E8B040CD-E7BD-499F-B4F0-38DD7D17EC70}.Release Multithreaded|Win32.ActiveCfg = Release|Tegra-Android
		{E8B040CD-E7BD-499F-B4F0-38DD7D17EC70}.Release Multithreaded|x64.ActiveCfg = Release|Tegra-Android
		{E8B040CD-E7BD-499F-B4F0-38DD7D17EC70}.Release Singlethreaded|Mixed Platforms.ActiveCfg = Release|Tegra-Android
		{E8B040CD-E7BD-499F-B4F0-38DD7D17EC70}.Release Singlethreaded|Mixed Platforms.Build.0 = Release|Tegra-Android
		{E8B040CD-E7BD-499F-B4F0-38DD7D17EC70}.Release Singlethreaded|Tegra-Android.ActiveCfg = Release|Tegra-Android
		{E8B040CD-E7BD-499F-B4F0-38DD7D17EC70}.Release Singlethreaded|Win32.ActiveCfg = Release|Tegra-Android
		{E8B040CD-E7BD-499F-B4F0-38DD7D17EC70}.Release Singlethreaded|x64.ActiveCfg = Release|Tegra-Android
		{E8B040CD-E7BD-499F-B4F0-38DD7D17EC70}.Release|Mixed Platforms.ActiveCfg = Release|Tegra-Android
		{E8B040CD-E7BD-499F-B4F0-38DD7D17EC70}.Release|Mixed Platforms.Build.0 = Release|Tegra-Android
		{E8B040CD-E7BD-499F-B4F0-38DD7D17EC70}.Release|Tegra-Android.ActiveCfg = Release|Tegra-Android
		{E8B040CD-E7BD-499F-B4F0-38DD7D17EC70}.Release|Tegra-Android.Build.0 = Release|Tegra-Android
		{E8B040CD-E7BD-499F-B4F0-38DD7D17EC70}.Release|Win32.ActiveCfg = Release|Tegra-Android
		{E8B040CD-E7BD-499F-B4F0-38DD7D17EC70}.Release|x64.ActiveCfg = Release|Tegra-Android
		{E8B040CD-E7BD-499F-B4F0-38DD7D17EC70}.Shipping|Mixed Platforms.ActiveCfg = Release|Tegra-Android
		{E8B040CD-E7BD-499F-B4F0-38DD7D17EC70}.Shipping|Mixed Platforms.Build.0 = Release|Tegra-Android
		{E8B040CD-E7BD-499F-B4F0-38DD7D17EC70}.Shipping|Tegra-Android.ActiveCfg = Release|Tegra-Android
		{E8B040CD-E7BD-499F-B4F0-38DD7D17EC70}.Shipping|Tegra-Android.Build.0 = Release|Tegra-Android
		{E8B040CD-E7BD-499F-B4F0-38DD7D17EC70}.Shipping|Win32.ActiveCfg = Release|Tegra-Android
		{E8B040CD-E7BD-499F-B4F0-38DD7D17EC70}.Shipping|x64.ActiveCfg = Release|Tegra-Android
		{78B079BD-9FC7-4B9E-B4A6-96DA0F00248B}.Debug Multithreaded|Mixed Platforms.ActiveCfg = Release|Tegra-Android
		{78B079BD-9FC7-4B9E-B4A6-96DA0F00248B}.Debug Multithreaded|Mixed Platforms.Build.0 = Release|Tegra-Android
		{78B079BD-9FC7-4B9E-B4A6-96DA0F00248B}.Debug Multithreaded|Tegra-Android.ActiveCfg = Release|Tegra-Android
		{78B079BD-9FC7-4B9E-B4A6-96DA0F00248B}.Debug Multithreaded|Tegra-Android.Build.0 = Release|Tegra-Android
		{78B079BD-9FC7-4B9E-B4A6-96DA0F00248B}.Debug Multithreaded|Win32.ActiveCfg = Debug Multithreaded|Tegra-Android
		{78B079BD-9FC7-4B9E-B4A6-96DA0F00248B}.Debug Multithreaded|x64.ActiveCfg = Debug Multithreaded|Tegra-Android
		{78B079BD-9FC7-4B9E-B4A6-96DA0F00248B}.Debug Singlethreaded|Mixed Platforms.ActiveCfg = Release|Tegra-Android
		{78B079BD-9FC7-4B9E-B4A6-96DA0F00248B}.Debug Singlethreaded|Mixed Platforms.Build.0 = Release|Tegra-Android
		{78B079BD-9FC7-4B9E-B4A6-96DA0F00248B}.Debug Singlethreaded|Tegra-Android.ActiveCfg = Release|Tegra-Android
		{78B079BD-9FC7-4B9E-B4A6-96DA0F00248B}.Debug Singlethreaded|Tegra-Android.Build.0 = Release|Tegra-Android
		{78B079BD-9FC7-4B9E-B4A6-96DA0F00248B}.Debug Singlethreaded|Win32.ActiveCfg = Debug Singlethreaded|Tegra-Android
		{78B079BD-9FC7-4B9E-B4A6-96DA0F00248B}.Debug Singlethreaded|x64.ActiveCfg = Debug Singlethreaded|Tegra-Android
		{78B079BD-9FC7-4B9E-B4A6-96DA0F00248B}.Debug|Mixed Platforms.ActiveCfg = Release|Tegra-Android
		{78B079BD-9FC7-4B9E-B4A6-96DA0F00248B}.Debug|Mixed Platforms.Build.0 = Release|Tegra-Android
		{78B079BD-9FC7-4B9E-B4A6-96DA0F00248B}.Debug|Tegra-Android.ActiveCfg = Debug|Tegra-Android
		{78B079BD-9FC7-4B9E-B4A6-96DA0F00248B}.Debug|Tegra-Android.Build.0 = Debug|Tegra-Android
		{78B079BD-9FC7-4B9E-B4A6-96DA0F00248B}.Debug|Win32.ActiveCfg = Debug|Tegra-Android
		{78B079BD-9FC7-4B9E-B4A6-96DA0F00248B}.Debug|x64.ActiveCfg = Debug|Tegra-Android
		{78B079BD-9FC7-4B9E-B4A6-96DA0F00248B}.Release Multithreaded|Mixed Platforms.ActiveCfg = Release|Tegra-Android
		{78B079BD-9FC7-4B9E-B4A6-96DA0F00248B}.Release Multithreaded|Mixed Platforms.Build.0 = Release|Tegra-Android
		{78B079BD-9FC7-4B9E-B4A6-96DA0F00248B}.Release Multithreaded|Tegra-Android.ActiveCfg = Release|Tegra-Android
		{78B079BD-9FC7-4B9E-B4A6-96DA0F00248B}.Release Multithreaded|Tegra-Android.Build.0 = Release|Tegra-Android
		{78B079BD-9FC7-4B9E-B4A6-96DA0F00248B}.Release Multithreaded|Win32.ActiveCfg = Release Multithreaded|Tegra-Android
		{78B079BD-9FC7-4B9E-B4A6-96DA0F00248B}.Release Multithreaded|x64.ActiveCfg = Release Multithreaded|Tegra-Android
		{78B079BD-9FC7-4B9E-B4A6-96DA0F00248B}.Release Singlethreaded|Mixed Platforms.ActiveCfg = Release|Tegra-Android
		{78B079BD-9FC7-4B9E-B4A6-96DA0F00248B}.Release Singlethreaded|Mixed Platforms.Build.0 = Release|Tegra-Android
		{78B079BD-9FC7-4B9E-B4A6-96DA0F00248B}.Release Singlethreaded|Tegra-Android.ActiveCfg = Release|Tegra-Android
		{78B079BD-9FC7-4B9E-B4A6-96DA0F00248B}.Release Singlethreaded|Tegra-Android.Build.0 = Release|Tegra-Android
		{78B079BD-9FC7-4B9E-B4A6-96DA0F00248B}.Release Singlethreaded|Win32.ActiveCfg = Release Singlethreaded|Tegra-Android
		{78B079BD-9FC7-4B9E-B4A6-96DA0F00248B}.Release Singlethreaded|x64.ActiveCfg = Release Singlethreaded|Tegra-Android
		{78B079BD-9FC7-4B9E-B4A6-96DA0F00248B}.Release|Mixed Platforms.ActiveCfg = Release|Tegra-Android
		{78B079BD-9FC7-4B9E-B4A6-96DA0F00248B}.Release|Mixed Platforms.Build.0 = Release|Tegra-Android
		{78B079BD-9FC7-4B9E-B4A6-96DA0F00248B}.Release|Tegra-Android.ActiveCfg = Release|Tegra-Android
		{78B079BD-9FC7-4B9E-B4A6-96DA0F00248B}.Release|Tegra-Android.Build.0 = Release|Tegra-Android
		{78B079BD-9FC7-4B9E-B4A6-96DA0F00248B}.Release|Win32.ActiveCfg = Release|Tegra-Android
		{78B079BD-9FC7-4B9E-B4A6-96DA0F00248B}.Release|x64.ActiveCfg = Release|Tegra-Android
		{78B079BD-9FC7-4B9E-B4A6-96DA0F00248B}.Shipping|Mixed Platforms.ActiveCfg = Release Singlethreaded|Tegra-Android
		{78B079BD-9FC7-4B9E-B4A6-96DA0F00248B}.Shipping|Mixed Platforms.Build.0 = Release Singlethreaded|Tegra-Android
		{78B079BD-9FC7-4B9E-B4A6-96DA0F00248B}.Shipping|Tegra-Android.ActiveCfg = Release Singlethreaded|Tegra-Android
		{78B079BD-9FC7-4B9E-B4A6-96DA0F00248B}.Shipping|Tegra-Android.Build.0 = Release Singlethreaded|Tegra-Android
		{78B079BD-9FC7-4B9E-B4A6-96DA0F00248B}.Shipping|Win32.ActiveCfg = Release Singlethreaded|Tegra-Android
		{78B079BD-9FC7-4B9E-B4A6-96DA0F00248B}.Shipping|x64.ActiveCfg = Release Singlethreaded|Tegra-Android
		{88740431-0C37-4AF2-8E0E-7C22B9404337}.Debug Multithreaded|Mixed Platforms.ActiveCfg = Release|Tegra-Android
		{88740431-0C37-4AF2-8E0E-7C22B9404337}.Debug Multithreaded|Tegra-Android.ActiveCfg = Release|Tegra-Android
		{88740431-0C37-4AF2-8E0E-7C22B9404337}.Debug Multithreaded|Tegra-Android.Build.0 = Release|Tegra-Android
		{88740431-0C37-4AF2-8E0E-7C22B9404337}.Debug Multithreaded|Win32.ActiveCfg = Debug|Tegra-Android
		{88740431-0C37-4AF2-8E0E-7C22B9404337}.Debug Multithreaded|x64.ActiveCfg = Debug|Tegra-Android
		{88740431-0C37-4AF2-8E0E-7C22B9404337}.Debug Singlethreaded|Mixed Platforms.ActiveCfg = Release|Tegra-Android
		{88740431-0C37-4AF2-8E0E-7C22B9404337}.Debug Singlethreaded|Tegra-Android.ActiveCfg = Release|Tegra-Android
		{88740431-0C37-4AF2-8E0E-7C22B9404337}.Debug Singlethreaded|Tegra-Android.Build.0 = Release|Tegra-Android
		{88740431-0C37-4AF2-8E0E-7C22B9404337}.Debug Singlethreaded|Win32.ActiveCfg = Debug|Tegra-Android
		{88740431-0C37-4AF2-8E0E-7C22B9404337}.Debug Singlethreaded|x64.ActiveCfg = Debug|Tegra-Android
		{88740431-0C37-4AF2-8E0E-7C22B9404337}.Debug|Mixed Platforms.ActiveCfg = Release|Tegra-Android
		{88740431-0C37-4AF2-8E0E-7C22B9404337}.Debug|Tegra-Android.ActiveCfg = Debug|Tegra-Android
		{88740431-0C37-4AF2-8E0E-7C22B9404337}.Debug|Tegra-Android.Build.0 = Debug|Tegra-Android
		{88740431-0C37-4AF2-8E0E-7C22B9404337}.Debug|Win32.ActiveCfg = Debug|Tegra-Android
		{88740431-0C37-4AF2-8E0E-7C22B9404337}.Debug|x64.ActiveCfg = Debug|Tegra-Android
		{88740431-0C37-4AF2-8E0E-7C22B9404337}.Release Multithreaded|Mixed Platforms.ActiveCfg = Release|Tegra-Android
		{88740431-0C37-4AF2-8E0E-7C22B9404337}.Release Multithreaded|Tegra-Android.ActiveCfg = Release|Tegra-Android
		{88740431-0C37-4AF2-8E0E-7C22B9404337}.Release Multithreaded|Tegra-Android.Build.0 = Release|Tegra-Android
		{88740431-0C37-4AF2-8E0E-7C22B9404337}.Release Multithreaded|Win32.ActiveCfg = Release|Tegra-Android
		{88740431-0C37-4AF2-8E0E-7C22B9404337}.Release Multithreaded|x64.ActiveCfg = Release|Tegra-Android
		{88740431-0C37-4AF2-8E0E-7C22B9404337}.Release Singlethreaded|Mixed Platforms.ActiveCfg = Release|Tegra-Android
		{88740431-0C37-4AF2-8E0E-7C22B9404337}.Release Singlethreaded|Tegra-Android.ActiveCfg = Release|Tegra-Android
		{88740431-0C37-4AF2-8E0E-7C22B9404337}.Release Singlethreaded|Tegra-Android.Build.0 = Release|Tegra-Android
		{88740431-0C37-4AF2-8E0E-7C22B9404337}.Release Singlethreaded|Win32.ActiveCfg = Release|Tegra-Android
		{88740431-0C37-4AF2-8E0E-7C22B9404337}.Release Singlethreaded|x64.ActiveCfg = Release|Tegra-Android
		{88740431-0C37-4AF2-8E0E-7C22B9404337}.Release|Mixed Platforms.ActiveCfg = Release|Tegra-Android
		{88740431-0C37-4AF2-8E0E-7C22B9404337}.Release|Tegra-Android.ActiveCfg = Release|Tegra-Android
		{88740431-0C37-4AF2-8E0E-7C22B9404337}.Release|Tegra-Android.Build.0 = Release|Tegra-Android
		{88740431-0C37-4AF2-8E0E-7C22B9404337}.Release|Win32.ActiveCfg = Release|Tegra-Android
		{88740431-0C37-4AF2-8E0E-7C22B9404337}.Release|x64.ActiveCfg = Release|Tegra-Android
		{88740431-0C37-4AF2-8E0E-7C22B9404337}.Shipping|Mixed Platforms.ActiveCfg = Release|Tegra-Android
		{88740431-0C37-4AF2-8E0E-7C22B9404337}.Shipping|Mixed Platforms.Build.0 = Release|Tegra-Android
		{88740431-0C37-4AF2-8E0E-7C22B9404337}.Shipping|Tegra-Android.ActiveCfg = Release|Tegra-Android
		{88740431-0C37-4AF2-8E0E-7C22B9404337}.Shipping|Tegra-Android.Build.0 = Release|Tegra-Android
		{88740431-0C37-4AF2-8E0E-7C22B9404337}.Shipping|Win32.ActiveCfg = Release|Tegra-Android
		{88740431-0C37-4AF2-8E0E-7C22B9404337}.Shipping|x64.ActiveCfg = Release|Tegra-Android
		{97E30C33-1EFB-4275-8D46-A5E4BD98E597}.Debug Multithreaded|Mixed Platforms.ActiveCfg = Release|Tegra-Android
		{97E30C33-1EFB-4275-8D46-A5E4BD98E597}.Debug Multithreaded|Tegra-Android.ActiveCfg = Release|Tegra-Android
		{97E30C33-1EFB-4275-8D46-A5E4BD98E597}.Debug Multithreaded|Tegra-Android.Build.0 = Release|Tegra-Android
		{97E30C33-1EFB-4275-8D46-A5E4BD98E597}.Debug Multithreaded|Win32.ActiveCfg = Debug|Tegra-Android
		{97E30C33-1EFB-4275-8D46-A5E4BD98E597}.Debug Multithreaded|x64.ActiveCfg = Debug|Tegra-Android
		{97E30C33-1EFB-4275-8D46-A5E4BD98E597}.Debug Singlethreaded|Mixed Platforms.ActiveCfg = Release|Tegra-Android
		{97E30C33-1EFB-4275-8D46-A5E4BD98E597}.Debug Singlethreaded|Tegra-Android.ActiveCfg = Release|Tegra-Android
		{97E30C33-1EFB-4275-8D46-A5E4BD98E597}.Debug Singlethreaded|Tegra-Android.Build.0 = Release|Tegra-Android
		{97E30C33-1EFB-4275-8D46-A5E4BD98E597}.Debug Singlethreaded|Win32.ActiveCfg = Debug|Tegra-Android
		{97E30C33-1EFB-4275-8D46-A5E4BD98E597}.Debug Singlethreaded|x64.ActiveCfg = Debug|Tegra-Android
		{97E30C33-1EFB-4275-8D46-A5E4BD98E597}.Debug|Mixed Platforms.ActiveCfg = Release|Tegra-Android
		{97E30C33-1EFB-4275-8D46-A5E4BD98E597}.Debug|Tegra-Android.ActiveCfg = Debug|Tegra-Android
		{97E30C33-1EFB-4275-8D46-A5E4BD98E597}.Debug|Win32.ActiveCfg = Debug|Tegra-Android
		{97E30C33-1EFB-4275-8D46-A5E4BD98E597}.Debug|x64.ActiveCfg = Debug|Tegra-Android
		{97E30C33-1EFB-4275-8D46-A5E4BD98E597}.Release Multithreaded|Mixed Platforms.ActiveCfg = Release|Tegra-Android
		{97E30C33-1EFB-4275-8D46-A5E4BD98E597}.Release Multithreaded|Tegra-Android.ActiveCfg = Release|Tegra-Android
		{97E30C33-1EFB-4275-8D46-A5E4BD98E597}.Release Multithreaded|Tegra-Android.Build.0 = Release|Tegra-Android
		{97E30C33-1EFB-4275-8D46-A5E4BD98E597}.Release Multithreaded|Win32.ActiveCfg = Release|Tegra-Android
		{97E30C33-1EFB-4275-8D46-A5E4BD98E597}.Release Multithreaded|x64.ActiveCfg = Release|Tegra-Android
		{97E30C33-1EFB-4275-8D46-A5E4BD98E597}.Release Singlethreaded|Mixed Platforms.ActiveCfg = Release|Tegra-Android
		{97E30C33-1EFB-4275-8D46-A5E4BD98E597}.Release Singlethreaded|Tegra-Android.ActiveCfg = Release|Tegra-Android
		{97E30C33-1EFB-4275-8D46-A5E4BD98E597}.Release Singlethreaded|Tegra-Android.Build.0 = Release|Tegra-Android
		{97E30C33-1EFB-4275-8D46-A5E4BD98E597}.Release Singlethreaded|Win32.ActiveCfg = Release|Tegra-Android
		{97E30C33-1EFB-4275-8D46-A5E4BD98E597}.Release Singlethreaded|x64.ActiveCfg = Release|Tegra-Android
		{97E30C33-1EFB-4275-8D46-A5E4BD98E597}.Release|Mixed Platforms.ActiveCfg = Release|Tegra-Android
		{97E30C33-1EFB-4275-8D46-A5E4BD98E597}.Release|Tegra-Android.ActiveCfg = Release|Tegra-Android
		{97E30C33-1EFB-4275-8D46-A5E4BD98E597}.Release|Win32.ActiveCfg = Release|Tegra-Android
		{97E30C33-1EFB-4275-8D46-A5E4BD98E597}.Release|x64.ActiveCfg = Release|Tegra-Android
		{97E30C33-1EFB-4275-8D46-A5E4BD98E597}.Shipping|Mixed Platforms.ActiveCfg = Release|Tegra-Android
		{97E30C33-1EFB-4275-8D46-A5E4BD98E597}.Shipping|Mixed Platforms.Build.0 = Release|Tegra-Android
		{97E30C33-1EFB-4275-8D46-A5E4BD98E597}.Shipping|Tegra-Android.ActiveCfg = Release|Tegra-Android
		{97E30C33-1EFB-4275-8D46-A5E4BD98E597}.Shipping|Tegra-Android.Build.0 = Release|Tegra-Android
		{97E30C33-1EFB-4275-8D46-A5E4BD98E597}.Shipping|Win32.ActiveCfg = Release|Tegra-Android
		{97E30C33-1EFB-4275-8D46-A5E4BD98E597}.Shipping|x64.ActiveCfg = Release|Tegra-Android
		{F16775B0-E04F-4A2F-801F-B73608B09B1C}.Debug Multithreaded|Mixed Platforms.ActiveCfg = Debug|Tegra-Android
		{F16775B0-E04F-4A2F-801F-B73608B09B1C}.Debug Multithreaded|Mixed Platforms.Build.0 = Debug|Tegra-Android
		{F16775B0-E04F-4A2F-801F-B73608B09B1C}.Debug Multithreaded|Tegra-Android.ActiveCfg = Debug|Tegra-Android
		{F16775B0-E04F-4A2F-801F-B73608B09B1C}.Debug Multithreaded|Tegra-Android.Build.0 = Debug|Tegra-Android
		{F16775B0-E04F-4A2F-801F-B73608B09B1C}.Debug Multithreaded|Win32.ActiveCfg = Debug|Tegra-Android
		{F16775B0-E04F-4A2F-801F-B73608B09B1C}.Debug Multithreaded|x64.ActiveCfg = Debug|Tegra-Android
		{F16775B0-E04F-4A2F-801F-B73608B09B1C}.Debug Singlethreaded|Mixed Platforms.ActiveCfg = Debug|Tegra-Android
		{F16775B0-E04F-4A2F-801F-B73608B09B1C}.Debug Singlethreaded|Mixed Platforms.Build.0 = Debug|Tegra-Android
		{F16775B0-E04F-4A2F-801F-B73608B09B1C}.Debug Singlethreaded|Tegra-Android.ActiveCfg = Debug|Tegra-Android
		{F16775B0-E04F-4A2F-801F-B73608B09B1C}.Debug Singlethreaded|Tegra-Android.Build.0 = Debug|Tegra-Android
		{F16775B0-E04F-4A2F-801F-B73608B09B1C}.Debug Singlethreaded|Win32.ActiveCfg = Debug|Tegra-Android
		{F16775B0-E04F-4A2F-801F-B73608B09B1C}.Debug Singlethreaded|x64.ActiveCfg = Debug|Tegra-Android
		{F16775B0-E04F-4A2F-801F-B73608B09B1C}.Debug|Mixed Platforms.ActiveCfg = Debug|Tegra-Android
		{F16775B0-E04F-4A2F-801F-B73608B09B1C}.Debug|Mixed Platforms.Build.0 = Debug|Tegra-Android
		{F16775B0-E04F-4A2F-801F-B73608B09B1C}.Debug|Tegra-Android.ActiveCfg = Debug|Tegra-Android
		{F16775B0-E04F-4A2F-801F-B73608B09B1C}.Debug|Win32.ActiveCfg = Debug|Tegra-Android
		{F16775B0-E04F-4A2F-801F-B73608B09B1C}.Debug|x64.ActiveCfg = Debug|Tegra-Android
		{F16775B0-E04F-4A2F-801F-B73608B09B1C}.Release Multithreaded|Mixed Platforms.ActiveCfg = Release|Tegra-Android
		{F16775B0-E04F-4A2F-801F-B73608B09B1C}.Release Multithreaded|Mixed Platforms.Build.0 = Release|Tegra-Android
		{F16775B0-E04F-4A2F-801F-B73608B09B1C}.Release Multithreaded|Tegra-Android.ActiveCfg = Release|Tegra-Android
		{F16775B0-E04F-4A2F-801F-B73608B09B1C}.Release Multithreaded|Tegra-Android.Build.0 = Release|Tegra-Android
		{F16775B0-E04F-4A2F-801F-B73608B09B1C}.Release Multithreaded|Win32.ActiveCfg = Release|Tegra-Android
		{F16775B0-E04F-4A2F-801F-B73608B09B1C}.Release Multithreaded|x64.ActiveCfg = Release|Tegra-Android
		{F16775B0-E04F-4A2F-801F-B73608B09B1C}.Release Singlethreaded|Mixed Platforms.ActiveCfg = Release|Tegra-Android
		{F16775B0-E04F-4A2F-801F-B73608B09B1C}.Release Singlethreaded|Mixed Platforms.Build.0 = Release|Tegra-Android
		{F16775B0-E04F-4A2F-801F-B73608B09B1C}.Release Singlethreaded|Tegra-Android.ActiveCfg = Release|Tegra-Android
		{F16775B0-E04F-4A2F-801F-B73608B09B1C}.Release Singlethreaded|Tegra-Android.Build.0 = Release|Tegra-Android
		{F16775B0-E04F-4A2F-801F-B73608B09B1C}.Release Singlethreaded|Win32.ActiveCfg = Release|Tegra-Android
		{F16775B0-E04F-4A2F-801F-B73608B09B1C}.Release Singlethreaded|x64.ActiveCfg = Release|Tegra-Android
		{F16775B0-E04F-4A2F-801F-B73608B09B1C}.Release|Mixed Platforms.ActiveCfg = Release|Tegra-Android
		{F16775B0-E04F-4A2F-801F-B73608B09B1C}.Release|Mixed Platforms.Build.0 = Release|Tegra-Android
		{F16775B0-E04F-4A2F-801F-B73608B09B1C}.Release|Tegra-Android.ActiveCfg = Release|Tegra-Android
		{F16775B0-E04F-4A2F-801F-B73608B09B1C}.Release|Win32.ActiveCfg = Release|Tegra-Android
		{F16775B0-E04F-4A2F-801F-B73608B09B1C}.Release|x64.ActiveCfg = Release|Tegra-Android
		{F16775B0-E04F-4A2F-801F-B73608B09B1C}.Shipping|Mixed Platforms.ActiveCfg = Shipping|Tegra-Android
		{F16775B0-E04F-4A2F-801F-B73608B09B1C}.Shipping|Mixed Platforms.Build.0 = Shipping|Tegra-Android
		{F16775B0-E04F-4A2F-801F-B73608B09B1C}.Shipping|Tegra-Android.ActiveCfg = Shipping|Tegra-Android
		{F16775B0-E04F-4A2F-801F-B73608B09B1C}.Shipping|Tegra-Android.Build.0 = Shipping|Tegra-Android
		{F16775B0-E04F-4A2F-801F-B73608B09B1C}.Shipping|Win32.ActiveCfg = Shipping|Tegra-Android
		{F16775B0-E04F-4A2F-801F-B73608B09B1C}.Shipping|x64.ActiveCfg = Shipping|Tegra-Android
		{3E7F0F70-AE12-4F93-982E-CCCBBFD51219}.Debug Multithreaded|Mixed Platforms.ActiveCfg = Debug|Tegra-Android
		{3E7F0F70-AE12-4F93-982E-CCCBBFD51219}.Debug Multithreaded|Mixed Platforms.Build.0 = Debug|Tegra-Android
		{3E7F0F70-AE12-4F93-982E-CCCBBFD51219}.Debug Multithreaded|Tegra-Android.ActiveCfg = Debug|Tegra-Android
		{3E7F0F70-AE12-4F93-982E-CCCBBFD51219}.Debug Multithreaded|Tegra-Android.Build.0 = Debug|Tegra-Android
		{3E7F0F70-AE12-4F93-982E-CCCBBFD51219}.Debug Multithreaded|Win32.ActiveCfg = Debug|Tegra-Android
		{3E7F0F70-AE12-4F93-982E-CCCBBFD51219}.Debug Multithreaded|x64.ActiveCfg = Debug|Tegra-Android
		{3E7F0F70-AE12-4F93-982E-CCCBBFD51219}.Debug Singlethreaded|Mixed Platforms.ActiveCfg = Debug|Tegra-Android
		{3E7F0F70-AE12-4F93-982E-CCCBBFD51219}.Debug Singlethreaded|Mixed Platforms.Build.0 = Debug|Tegra-Android
		{3E7F0F70-AE12-4F93-982E-CCCBBFD51219}.Debug Singlethreaded|Tegra-Android.ActiveCfg = Debug|Tegra-Android
		{3E7F0F70-AE12-4F93-982E-CCCBBFD51219}.Debug Singlethreaded|Tegra-Android.Build.0 = Debug|Tegra-Android
		{3E7F0F70-AE12-4F93-982E-CCCBBFD51219}.Debug Singlethreaded|Win32.ActiveCfg = Debug|Tegra-Android
		{3E7F0F70-AE12-4F93-982E-CCCBBFD51219}.Debug Singlethreaded|x64.ActiveCfg = Debug|Tegra-Android
		{3E7F0F70-AE12-4F93-982E-CCCBBFD51219}.Debug|Mixed Platforms.ActiveCfg = Debug|Tegra-Android
		{3E7F0F70-AE12-4F93-982E-CCCBBFD51219}.Debug|Mixed Platforms.Build.0 = Debug|Tegra-Android
		{3E7F0F70-AE12-4F93-982E-CCCBBFD51219}.Debug|Tegra-Android.ActiveCfg = Debug|Tegra-Android
		{3E7F0F70-AE12-4F93-982E-CCCBBFD51219}.Debug|Win32.ActiveCfg = Debug|Tegra-Android
		{3E7F0F70-AE12-4F93-982E-CCCBBFD51219}.Debug|x64.ActiveCfg = Debug|Tegra-Android
		{3E7F0F70-AE12-4F93-982E-CCCBBFD51219}.Release Multithreaded|Mixed Platforms.ActiveCfg = Release|Tegra-Android
		{3E7F0F70-AE12-4F93-982E-CCCBBFD51219}.Release Multithreaded|Mixed Platforms.Build.0 = Release|Tegra-Android
		{3E7F0F70-AE12-4F93-982E-CCCBBFD51219}.Release Multithreaded|Tegra-Android.ActiveCfg = Release|Tegra-Android
		{3E7F0F70-AE12-4F93-982E-CCCBBFD51219}.Release Multithreaded|Tegra-Android.Build.0 = Release|Tegra-Android
		{3E7F0F70-AE12-4F93-982E-CCCBBFD51219}.Release Multithreaded|Win32.ActiveCfg = Release|Tegra-Android
		{3E7F0F70-AE12-4F93-982E-CCCBBFD51219}.Release Multithreaded|x64.ActiveCfg = Release|Tegra-Android
		{3E7F0F70-AE12-4F93-982E-CCCBBFD51219}.Release Singlethreaded|Mixed Platforms.ActiveCfg = Release|Tegra-Android
		{3E7F0F70-AE12-4F93-982E-CCCBBFD51219}.Release Singlethreaded|Mixed Platforms.Build.0 = Release|Tegra-Android
		{3E7F0F70-AE12-4F93-982E-CCCBBFD51219}.Release Singlethreaded|Tegra-Android.ActiveCfg = Release|Tegra-Android
		{3E7F0F70-AE12-4F93-982E-CCCBBFD51219}.Release Singlethreaded|Tegra-Android.Build.0 = Release|Tegra-Android
		{3E7F0F70-AE12-4F93-982E-CCCBBFD51219}.Release Singlethreaded|Win32.ActiveCfg = Release|Tegra-Android
		{3E7F0F70-AE12-4F93-982E-CCCBBFD51219}.Release Singlethreaded|x64.ActiveCfg = Release|Tegra-Android
		{3E7F0F70-AE12-4F93-982E-CCCBBFD51219}.Release|Mixed Platforms.ActiveCfg = Release|Tegra-Android
		{3E7F0F70-AE12-4F93-982E-CCCBBFD51219}.Release|Mixed Platforms.Build.0 = Release|Tegra-Android
		{3E7F0F70-AE12-4F93-982E-CCCBBFD51219}.Release|Tegra-Android.ActiveCfg = Release|Tegra-Android
		{3E7F0F70-AE12-4F93-982E-CCCBBFD51219}.Release|Tegra-Android.Build.0 = Release|Tegra-Android
		{3E7F0F70-AE12-4F93-982E-CCCBBFD51219}.Release|Win32.ActiveCfg = Release|Tegra-Android
		{3E7F0F70-AE12-4F93-982E-CCCBBFD51219}.Release|x64.ActiveCfg = Release|Tegra-Android
		{3E7F0F70-AE12-4F93-982E-CCCBBFD51219}.Shipping|Mixed Platforms.ActiveCfg = Shipping|Tegra-Android
		{3E7F0F70-AE12-4F93-982E-CCCBBFD51219}.Shipping|Mixed Platforms.Build.0 = Shipping|Tegra-Android
		{3E7F0F70-AE12-4F93-982E-CCCBBFD51219}.Shipping|Tegra-Android.ActiveCfg = Shipping|Tegra-Android
		{3E7F0F70-AE12-4F93-982E-CCCBBFD51219}.Shipping|Tegra-Android.Build.0 = Shipping|Tegra-Android
		{3E7F0F70-AE12-4F93-982E-CCCBBFD51219}.Shipping|Win32.ActiveCfg = Shipping|Tegra-Android
		{3E7F0F70-AE12-4F93-982E-CCCBBFD51219}.Shipping|x64.ActiveCfg = Shipping|Tegra-Android
	EndGlobalSection
	GlobalSection(SolutionProperties) = preSolution
		HideSolutionNode = FALSE
	EndGlobalSection
EndGlobal
