<?xml version="1.0" encoding="utf-8"?>
<Project ToolsVersion="4.0" xmlns="http://schemas.microsoft.com/developer/msbuild/2003">
  <ItemGroup>
    <Filter Include="jni">
      <UniqueIdentifier>40a1a67c-fc51-424e-985f-20be6465083f</UniqueIdentifier>
    </Filter>
    <Filter Include="res">
      <UniqueIdentifier>86c36c4e-8156-4c58-9f48-dff7f896a433</UniqueIdentifier>
    </Filter>
    <Filter Include="res\values">
      <UniqueIdentifier>e1fbc059-1aa2-4810-9778-bab805a445eb</UniqueIdentifier>
    </Filter>
    <Filter Include="jni\resources">
      <UniqueIdentifier>{82754520-4b79-40fb-a6e2-db946186bdae}</UniqueIdentifier>
    </Filter>
    <Filter Include="libs">
      <UniqueIdentifier>{a0cc2f50-36ab-4563-a4fc-756a37147115}</UniqueIdentifier>
    </Filter>
    <Filter Include="structs">
      <UniqueIdentifier>{9e164851-e047-4bb0-9ceb-2d6902927072}</UniqueIdentifier>
    </Filter>
    <Filter Include="jni\graphics">
      <UniqueIdentifier>{e09a90b2-d069-4521-8b01-3215cf702caf}</UniqueIdentifier>
    </Filter>
    <Filter Include="jni\audio">
      <UniqueIdentifier>{a35a28c0-d7ba-4b45-bee4-ff24747a34ad}</UniqueIdentifier>
    </Filter>
    <Filter Include="libs\freetype">
      <UniqueIdentifier>{44db8199-73e5-4b98-8cfa-ecb57bcc8b96}</UniqueIdentifier>
    </Filter>
    <Filter Include="libs\glm">
      <UniqueIdentifier>{42b68639-bbb2-4f4f-9ed2-1757d2ed2668}</UniqueIdentifier>
    </Filter>
    <Filter Include="jni\core">
      <UniqueIdentifier>{630f5179-d094-4c47-8d06-b3e5be560189}</UniqueIdentifier>
    </Filter>
    <Filter Include="jni\core\debug-tools">
      <UniqueIdentifier>{a7362c88-1698-4af1-aabe-798359aff3cc}</UniqueIdentifier>
    </Filter>
    <Filter Include="jni\core\application">
      <UniqueIdentifier>{25627f9b-0efc-4c5b-a8ab-f95c8318e206}</UniqueIdentifier>
    </Filter>
    <Filter Include="jni\scene">
      <UniqueIdentifier>{b0373214-0b77-4a38-b73d-0d27c20187ef}</UniqueIdentifier>
    </Filter>
    <Filter Include="jni\graphics\shaders">
      <UniqueIdentifier>{3ed54ec8-099e-41c9-bbdb-1d48c3a92798}</UniqueIdentifier>
    </Filter>
    <Filter Include="jni\scene\components">
      <UniqueIdentifier>{4538c9cf-38f4-47cc-8408-9ea041aca08a}</UniqueIdentifier>
    </Filter>
    <Filter Include="jni\scene\components\shapes">
      <UniqueIdentifier>{165bcdb1-6867-4137-bfdd-47483eb79bf3}</UniqueIdentifier>
    </Filter>
  </ItemGroup>
  <ItemGroup>
    <AndroidBuild Include="res\values\strings.xml">
      <Filter>res\values</Filter>
    </AndroidBuild>
    <AndroidBuild Include="AndroidManifest.xml">
      <Filter>res</Filter>
    </AndroidBuild>
  </ItemGroup>
  <ItemGroup>
    <ClCompile Include="libs\android_native_app_glue.c">
      <Filter>libs</Filter>
    </ClCompile>
    <ClCompile Include="libs\lodepng.cpp">
      <Filter>libs</Filter>
    </ClCompile>
    <ClCompile Include="libs\glm\detail\dummy.cpp">
      <Filter>libs\glm</Filter>
    </ClCompile>
    <ClCompile Include="libs\glm\detail\glm.cpp">
      <Filter>libs\glm</Filter>
    </ClCompile>
    <ClCompile Include="jni\Main.cpp">
      <Filter>jni</Filter>
    </ClCompile>
    <ClCompile Include="jni\graphics\Rectangle.cpp">
      <Filter>jni\scene\components\shapes</Filter>
    </ClCompile>
    <ClCompile Include="jni\graphics\SpriteBatch.cpp">
      <Filter>jni\graphics</Filter>
    </ClCompile>
    <ClCompile Include="jni\audio\AudioPlayer.cpp">
      <Filter>jni\audio</Filter>
    </ClCompile>
    <ClCompile Include="jni\audio\Audio.cpp">
      <Filter>jni\audio</Filter>
    </ClCompile>
    <ClCompile Include="jni\audio\AudioManager.cpp">
      <Filter>jni\audio</Filter>
    </ClCompile>
    <ClCompile Include="jni\resources\ResourceManager.cpp">
      <Filter>jni\resources</Filter>
    </ClCompile>
    <ClCompile Include="jni\core\Input.cpp">
      <Filter>jni\core</Filter>
    </ClCompile>
    <ClCompile Include="jni\core\Time.cpp">
      <Filter>jni\core</Filter>
    </ClCompile>
    <ClCompile Include="jni\core\Log.cpp">
      <Filter>jni\core\debug-tools</Filter>
    </ClCompile>
    <ClCompile Include="jni\core\Memory.cpp">
      <Filter>jni\core\debug-tools</Filter>
    </ClCompile>
    <ClCompile Include="jni\core\Passert.cpp">
      <Filter>jni\core\debug-tools</Filter>
    </ClCompile>
    <ClCompile Include="jni\core\Application.cpp">
      <Filter>jni\core\application</Filter>
    </ClCompile>
    <ClCompile Include="jni\core\WindowHandler.cpp">
      <Filter>jni\core\application</Filter>
    </ClCompile>
    <ClCompile Include="jni\resources\Resource.cpp">
      <Filter>jni\resources</Filter>
    </ClCompile>
    <ClCompile Include="jni\resources\TextResource.cpp">
      <Filter>jni\resources</Filter>
    </ClCompile>
    <ClCompile Include="jni\resources\ImageResource.cpp">
      <Filter>jni\resources</Filter>
    </ClCompile>
    <ClCompile Include="jni\scene\GameEntity.cpp">
      <Filter>jni\scene</Filter>
    </ClCompile>
    <ClCompile Include="jni\scene\Transformable.cpp">
      <Filter>jni\scene\components</Filter>
    </ClCompile>
    <ClCompile Include="jni\core\Game.cpp">
      <Filter>jni\core</Filter>
    </ClCompile>
    <ClCompile Include="jni\graphics\Shader.cpp">
      <Filter>jni\graphics\shaders</Filter>
    </ClCompile>
    <ClCompile Include="jni\scene\Scene.cpp">
      <Filter>jni\scene</Filter>
    </ClCompile>
    <ClCompile Include="jni\graphics\Color.cpp">
      <Filter>jni\scene\components</Filter>
    </ClCompile>
    <ClCompile Include="jni\graphics\TextureRectangle.cpp">
      <Filter>jni\scene\components</Filter>
    </ClCompile>
    <ClCompile Include="jni\scene\Component.cpp">
      <Filter>jni\scene\components</Filter>
    </ClCompile>
    <ClCompile Include="jni\graphics\Batch.cpp">
      <Filter>jni\graphics</Filter>
    </ClCompile>
    <ClCompile Include="jni\graphics\RenderSystem.cpp">
      <Filter>jni\graphics</Filter>
    </ClCompile>
    <ClCompile Include="jni\graphics\Buffer.cpp">
      <Filter>jni\graphics</Filter>
    </ClCompile>
    <ClCompile Include="jni\graphics\Sprite.cpp">
      <Filter>jni\graphics</Filter>
    </ClCompile>
    <ClCompile Include="jni\resources\FontResource.cpp">
      <Filter>jni\resources</Filter>
    </ClCompile>
    <ClCompile Include="jni\scene\Texture.cpp">
      <Filter>jni\scene\components</Filter>
    </ClCompile>
    <ClCompile Include="jni\core\EventHandler.cpp">
      <Filter>jni\core\application</Filter>
    </ClCompile>
    <ClCompile Include="jni\resources\AudioResource.cpp" />
    <ClCompile Include="jni\resources\TextureFactory.cpp">
      <Filter>jni\resources</Filter>
    </ClCompile>
    <ClCompile Include="jni\graphics\Text.cpp">
      <Filter>jni\graphics</Filter>
    </ClCompile>
  </ItemGroup>
  <ItemGroup>
    <ClInclude Include="libs\android_native_app_glue.h">
      <Filter>libs</Filter>
    </ClInclude>
    <ClInclude Include="libs\lodepng.h">
      <Filter>libs</Filter>
    </ClInclude>
    <ClInclude Include="libs\freetype\config\ftconfig.h">
      <Filter>libs\freetype</Filter>
    </ClInclude>
    <ClInclude Include="libs\freetype\config\ftheader.h">
      <Filter>libs\freetype</Filter>
    </ClInclude>
    <ClInclude Include="libs\freetype\config\ftmodule.h">
      <Filter>libs\freetype</Filter>
    </ClInclude>
    <ClInclude Include="libs\freetype\config\ftoption.h">
      <Filter>libs\freetype</Filter>
    </ClInclude>
    <ClInclude Include="libs\freetype\config\ftstdlib.h">
      <Filter>libs\freetype</Filter>
    </ClInclude>
    <ClInclude Include="libs\freetype\freetype.h">
      <Filter>libs\freetype</Filter>
    </ClInclude>
    <ClInclude Include="libs\freetype\ft2build.h">
      <Filter>libs\freetype</Filter>
    </ClInclude>
    <ClInclude Include="libs\freetype\ftadvanc.h">
      <Filter>libs\freetype</Filter>
    </ClInclude>
    <ClInclude Include="libs\freetype\ftautoh.h">
      <Filter>libs\freetype</Filter>
    </ClInclude>
    <ClInclude Include="libs\freetype\ftbbox.h">
      <Filter>libs\freetype</Filter>
    </ClInclude>
    <ClInclude Include="libs\freetype\ftbdf.h">
      <Filter>libs\freetype</Filter>
    </ClInclude>
    <ClInclude Include="libs\freetype\ftbitmap.h">
      <Filter>libs\freetype</Filter>
    </ClInclude>
    <ClInclude Include="libs\freetype\ftbzip2.h">
      <Filter>libs\freetype</Filter>
    </ClInclude>
    <ClInclude Include="libs\freetype\ftcache.h">
      <Filter>libs\freetype</Filter>
    </ClInclude>
    <ClInclude Include="libs\freetype\ftcffdrv.h">
      <Filter>libs\freetype</Filter>
    </ClInclude>
    <ClInclude Include="libs\freetype\ftchapters.h">
      <Filter>libs\freetype</Filter>
    </ClInclude>
    <ClInclude Include="libs\freetype\ftcid.h">
      <Filter>libs\freetype</Filter>
    </ClInclude>
    <ClInclude Include="libs\freetype\fterrdef.h">
      <Filter>libs\freetype</Filter>
    </ClInclude>
    <ClInclude Include="libs\freetype\fterrors.h">
      <Filter>libs\freetype</Filter>
    </ClInclude>
    <ClInclude Include="libs\freetype\ftgasp.h">
      <Filter>libs\freetype</Filter>
    </ClInclude>
    <ClInclude Include="libs\freetype\ftglyph.h">
      <Filter>libs\freetype</Filter>
    </ClInclude>
    <ClInclude Include="libs\freetype\ftgxval.h">
      <Filter>libs\freetype</Filter>
    </ClInclude>
    <ClInclude Include="libs\freetype\ftgzip.h">
      <Filter>libs\freetype</Filter>
    </ClInclude>
    <ClInclude Include="libs\freetype\ftimage.h">
      <Filter>libs\freetype</Filter>
    </ClInclude>
    <ClInclude Include="libs\freetype\ftincrem.h">
      <Filter>libs\freetype</Filter>
    </ClInclude>
    <ClInclude Include="libs\freetype\ftlcdfil.h">
      <Filter>libs\freetype</Filter>
    </ClInclude>
    <ClInclude Include="libs\freetype\ftlist.h">
      <Filter>libs\freetype</Filter>
    </ClInclude>
    <ClInclude Include="libs\freetype\ftlzw.h">
      <Filter>libs\freetype</Filter>
    </ClInclude>
    <ClInclude Include="libs\freetype\ftmac.h">
      <Filter>libs\freetype</Filter>
    </ClInclude>
    <ClInclude Include="libs\freetype\ftmm.h">
      <Filter>libs\freetype</Filter>
    </ClInclude>
    <ClInclude Include="libs\freetype\ftmodapi.h">
      <Filter>libs\freetype</Filter>
    </ClInclude>
    <ClInclude Include="libs\freetype\ftmoderr.h">
      <Filter>libs\freetype</Filter>
    </ClInclude>
    <ClInclude Include="libs\freetype\ftotval.h">
      <Filter>libs\freetype</Filter>
    </ClInclude>
    <ClInclude Include="libs\freetype\ftoutln.h">
      <Filter>libs\freetype</Filter>
    </ClInclude>
    <ClInclude Include="libs\freetype\ftpfr.h">
      <Filter>libs\freetype</Filter>
    </ClInclude>
    <ClInclude Include="libs\freetype\ftrender.h">
      <Filter>libs\freetype</Filter>
    </ClInclude>
    <ClInclude Include="libs\freetype\ftsizes.h">
      <Filter>libs\freetype</Filter>
    </ClInclude>
    <ClInclude Include="libs\freetype\ftsnames.h">
      <Filter>libs\freetype</Filter>
    </ClInclude>
    <ClInclude Include="libs\freetype\ftstroke.h">
      <Filter>libs\freetype</Filter>
    </ClInclude>
    <ClInclude Include="libs\freetype\ftsynth.h">
      <Filter>libs\freetype</Filter>
    </ClInclude>
    <ClInclude Include="libs\freetype\ftsystem.h">
      <Filter>libs\freetype</Filter>
    </ClInclude>
    <ClInclude Include="libs\freetype\fttrigon.h">
      <Filter>libs\freetype</Filter>
    </ClInclude>
    <ClInclude Include="libs\freetype\ftttdrv.h">
      <Filter>libs\freetype</Filter>
    </ClInclude>
    <ClInclude Include="libs\freetype\fttypes.h">
      <Filter>libs\freetype</Filter>
    </ClInclude>
    <ClInclude Include="libs\freetype\ftwinfnt.h">
      <Filter>libs\freetype</Filter>
    </ClInclude>
    <ClInclude Include="libs\freetype\ftxf86.h">
      <Filter>libs\freetype</Filter>
    </ClInclude>
    <ClInclude Include="libs\freetype\internal\autohint.h">
      <Filter>libs\freetype</Filter>
    </ClInclude>
    <ClInclude Include="libs\freetype\internal\ftcalc.h">
      <Filter>libs\freetype</Filter>
    </ClInclude>
    <ClInclude Include="libs\freetype\internal\ftdebug.h">
      <Filter>libs\freetype</Filter>
    </ClInclude>
    <ClInclude Include="libs\freetype\internal\ftdriver.h">
      <Filter>libs\freetype</Filter>
    </ClInclude>
    <ClInclude Include="libs\freetype\internal\ftgloadr.h">
      <Filter>libs\freetype</Filter>
    </ClInclude>
    <ClInclude Include="libs\freetype\internal\ftmemory.h">
      <Filter>libs\freetype</Filter>
    </ClInclude>
    <ClInclude Include="libs\freetype\internal\ftobjs.h">
      <Filter>libs\freetype</Filter>
    </ClInclude>
    <ClInclude Include="libs\freetype\internal\ftpic.h">
      <Filter>libs\freetype</Filter>
    </ClInclude>
    <ClInclude Include="libs\freetype\internal\ftrfork.h">
      <Filter>libs\freetype</Filter>
    </ClInclude>
    <ClInclude Include="libs\freetype\internal\ftserv.h">
      <Filter>libs\freetype</Filter>
    </ClInclude>
    <ClInclude Include="libs\freetype\internal\ftstream.h">
      <Filter>libs\freetype</Filter>
    </ClInclude>
    <ClInclude Include="libs\freetype\internal\fttrace.h">
      <Filter>libs\freetype</Filter>
    </ClInclude>
    <ClInclude Include="libs\freetype\internal\ftvalid.h">
      <Filter>libs\freetype</Filter>
    </ClInclude>
    <ClInclude Include="libs\freetype\internal\internal.h">
      <Filter>libs\freetype</Filter>
    </ClInclude>
    <ClInclude Include="libs\freetype\internal\psaux.h">
      <Filter>libs\freetype</Filter>
    </ClInclude>
    <ClInclude Include="libs\freetype\internal\pshints.h">
      <Filter>libs\freetype</Filter>
    </ClInclude>
    <ClInclude Include="libs\freetype\internal\services\svbdf.h">
      <Filter>libs\freetype</Filter>
    </ClInclude>
    <ClInclude Include="libs\freetype\internal\services\svcid.h">
      <Filter>libs\freetype</Filter>
    </ClInclude>
    <ClInclude Include="libs\freetype\internal\services\svgldict.h">
      <Filter>libs\freetype</Filter>
    </ClInclude>
    <ClInclude Include="libs\freetype\internal\services\svgxval.h">
      <Filter>libs\freetype</Filter>
    </ClInclude>
    <ClInclude Include="libs\freetype\internal\services\svkern.h">
      <Filter>libs\freetype</Filter>
    </ClInclude>
    <ClInclude Include="libs\freetype\internal\services\svmm.h">
      <Filter>libs\freetype</Filter>
    </ClInclude>
    <ClInclude Include="libs\freetype\internal\services\svotval.h">
      <Filter>libs\freetype</Filter>
    </ClInclude>
    <ClInclude Include="libs\freetype\internal\services\svpfr.h">
      <Filter>libs\freetype</Filter>
    </ClInclude>
    <ClInclude Include="libs\freetype\internal\services\svpostnm.h">
      <Filter>libs\freetype</Filter>
    </ClInclude>
    <ClInclude Include="libs\freetype\internal\services\svprop.h">
      <Filter>libs\freetype</Filter>
    </ClInclude>
    <ClInclude Include="libs\freetype\internal\services\svpscmap.h">
      <Filter>libs\freetype</Filter>
    </ClInclude>
    <ClInclude Include="libs\freetype\internal\services\svpsinfo.h">
      <Filter>libs\freetype</Filter>
    </ClInclude>
    <ClInclude Include="libs\freetype\internal\services\svsfnt.h">
      <Filter>libs\freetype</Filter>
    </ClInclude>
    <ClInclude Include="libs\freetype\internal\services\svttcmap.h">
      <Filter>libs\freetype</Filter>
    </ClInclude>
    <ClInclude Include="libs\freetype\internal\services\svtteng.h">
      <Filter>libs\freetype</Filter>
    </ClInclude>
    <ClInclude Include="libs\freetype\internal\services\svttglyf.h">
      <Filter>libs\freetype</Filter>
    </ClInclude>
    <ClInclude Include="libs\freetype\internal\services\svwinfnt.h">
      <Filter>libs\freetype</Filter>
    </ClInclude>
    <ClInclude Include="libs\freetype\internal\services\svxf86nm.h">
      <Filter>libs\freetype</Filter>
    </ClInclude>
    <ClInclude Include="libs\freetype\internal\sfnt.h">
      <Filter>libs\freetype</Filter>
    </ClInclude>
    <ClInclude Include="libs\freetype\internal\t1types.h">
      <Filter>libs\freetype</Filter>
    </ClInclude>
    <ClInclude Include="libs\freetype\internal\tttypes.h">
      <Filter>libs\freetype</Filter>
    </ClInclude>
    <ClInclude Include="libs\freetype\t1tables.h">
      <Filter>libs\freetype</Filter>
    </ClInclude>
    <ClInclude Include="libs\freetype\ttnameid.h">
      <Filter>libs\freetype</Filter>
    </ClInclude>
    <ClInclude Include="libs\freetype\tttables.h">
      <Filter>libs\freetype</Filter>
    </ClInclude>
    <ClInclude Include="libs\freetype\tttags.h">
      <Filter>libs\freetype</Filter>
    </ClInclude>
    <ClInclude Include="libs\freetype\ttunpat.h">
      <Filter>libs\freetype</Filter>
    </ClInclude>
    <ClInclude Include="libs\glm\common.hpp">
      <Filter>libs\glm</Filter>
    </ClInclude>
    <ClInclude Include="libs\glm\detail\func_common.hpp">
      <Filter>libs\glm</Filter>
    </ClInclude>
    <ClInclude Include="libs\glm\detail\func_exponential.hpp">
      <Filter>libs\glm</Filter>
    </ClInclude>
    <ClInclude Include="libs\glm\detail\func_geometric.hpp">
      <Filter>libs\glm</Filter>
    </ClInclude>
    <ClInclude Include="libs\glm\detail\func_integer.hpp">
      <Filter>libs\glm</Filter>
    </ClInclude>
    <ClInclude Include="libs\glm\detail\func_matrix.hpp">
      <Filter>libs\glm</Filter>
    </ClInclude>
    <ClInclude Include="libs\glm\detail\func_noise.hpp">
      <Filter>libs\glm</Filter>
    </ClInclude>
    <ClInclude Include="libs\glm\detail\func_packing.hpp">
      <Filter>libs\glm</Filter>
    </ClInclude>
    <ClInclude Include="libs\glm\detail\func_trigonometric.hpp">
      <Filter>libs\glm</Filter>
    </ClInclude>
    <ClInclude Include="libs\glm\detail\func_vector_relational.hpp">
      <Filter>libs\glm</Filter>
    </ClInclude>
    <ClInclude Include="libs\glm\detail\intrinsic_common.hpp">
      <Filter>libs\glm</Filter>
    </ClInclude>
    <ClInclude Include="libs\glm\detail\intrinsic_exponential.hpp">
      <Filter>libs\glm</Filter>
    </ClInclude>
    <ClInclude Include="libs\glm\detail\intrinsic_geometric.hpp">
      <Filter>libs\glm</Filter>
    </ClInclude>
    <ClInclude Include="libs\glm\detail\intrinsic_integer.hpp">
      <Filter>libs\glm</Filter>
    </ClInclude>
    <ClInclude Include="libs\glm\detail\intrinsic_matrix.hpp">
      <Filter>libs\glm</Filter>
    </ClInclude>
    <ClInclude Include="libs\glm\detail\intrinsic_trigonometric.hpp">
      <Filter>libs\glm</Filter>
    </ClInclude>
    <ClInclude Include="libs\glm\detail\intrinsic_vector_relational.hpp">
      <Filter>libs\glm</Filter>
    </ClInclude>
    <ClInclude Include="libs\glm\detail\precision.hpp">
      <Filter>libs\glm</Filter>
    </ClInclude>
    <ClInclude Include="libs\glm\detail\setup.hpp">
      <Filter>libs\glm</Filter>
    </ClInclude>
    <ClInclude Include="libs\glm\detail\type_float.hpp">
      <Filter>libs\glm</Filter>
    </ClInclude>
    <ClInclude Include="libs\glm\detail\type_gentype.hpp">
      <Filter>libs\glm</Filter>
    </ClInclude>
    <ClInclude Include="libs\glm\detail\type_half.hpp">
      <Filter>libs\glm</Filter>
    </ClInclude>
    <ClInclude Include="libs\glm\detail\type_int.hpp">
      <Filter>libs\glm</Filter>
    </ClInclude>
    <ClInclude Include="libs\glm\detail\type_mat.hpp">
      <Filter>libs\glm</Filter>
    </ClInclude>
    <ClInclude Include="libs\glm\detail\type_mat2x2.hpp">
      <Filter>libs\glm</Filter>
    </ClInclude>
    <ClInclude Include="libs\glm\detail\type_mat2x3.hpp">
      <Filter>libs\glm</Filter>
    </ClInclude>
    <ClInclude Include="libs\glm\detail\type_mat2x4.hpp">
      <Filter>libs\glm</Filter>
    </ClInclude>
    <ClInclude Include="libs\glm\detail\type_mat3x2.hpp">
      <Filter>libs\glm</Filter>
    </ClInclude>
    <ClInclude Include="libs\glm\detail\type_mat3x3.hpp">
      <Filter>libs\glm</Filter>
    </ClInclude>
    <ClInclude Include="libs\glm\detail\type_mat3x4.hpp">
      <Filter>libs\glm</Filter>
    </ClInclude>
    <ClInclude Include="libs\glm\detail\type_mat4x2.hpp">
      <Filter>libs\glm</Filter>
    </ClInclude>
    <ClInclude Include="libs\glm\detail\type_mat4x3.hpp">
      <Filter>libs\glm</Filter>
    </ClInclude>
    <ClInclude Include="libs\glm\detail\type_mat4x4.hpp">
      <Filter>libs\glm</Filter>
    </ClInclude>
    <ClInclude Include="libs\glm\detail\type_vec.hpp">
      <Filter>libs\glm</Filter>
    </ClInclude>
    <ClInclude Include="libs\glm\detail\type_vec1.hpp">
      <Filter>libs\glm</Filter>
    </ClInclude>
    <ClInclude Include="libs\glm\detail\type_vec2.hpp">
      <Filter>libs\glm</Filter>
    </ClInclude>
    <ClInclude Include="libs\glm\detail\type_vec3.hpp">
      <Filter>libs\glm</Filter>
    </ClInclude>
    <ClInclude Include="libs\glm\detail\type_vec4.hpp">
      <Filter>libs\glm</Filter>
    </ClInclude>
    <ClInclude Include="libs\glm\detail\_features.hpp">
      <Filter>libs\glm</Filter>
    </ClInclude>
    <ClInclude Include="libs\glm\detail\_fixes.hpp">
      <Filter>libs\glm</Filter>
    </ClInclude>
    <ClInclude Include="libs\glm\detail\_noise.hpp">
      <Filter>libs\glm</Filter>
    </ClInclude>
    <ClInclude Include="libs\glm\detail\_swizzle.hpp">
      <Filter>libs\glm</Filter>
    </ClInclude>
    <ClInclude Include="libs\glm\detail\_swizzle_func.hpp">
      <Filter>libs\glm</Filter>
    </ClInclude>
    <ClInclude Include="libs\glm\detail\_vectorize.hpp">
      <Filter>libs\glm</Filter>
    </ClInclude>
    <ClInclude Include="libs\glm\exponential.hpp">
      <Filter>libs\glm</Filter>
    </ClInclude>
    <ClInclude Include="libs\glm\ext.hpp">
      <Filter>libs\glm</Filter>
    </ClInclude>
    <ClInclude Include="libs\glm\fwd.hpp">
      <Filter>libs\glm</Filter>
    </ClInclude>
    <ClInclude Include="libs\glm\geometric.hpp">
      <Filter>libs\glm</Filter>
    </ClInclude>
    <ClInclude Include="libs\glm\glm.hpp">
      <Filter>libs\glm</Filter>
    </ClInclude>
    <ClInclude Include="libs\glm\gtc\bitfield.hpp">
      <Filter>libs\glm</Filter>
    </ClInclude>
    <ClInclude Include="libs\glm\gtc\constants.hpp">
      <Filter>libs\glm</Filter>
    </ClInclude>
    <ClInclude Include="libs\glm\gtc\epsilon.hpp">
      <Filter>libs\glm</Filter>
    </ClInclude>
    <ClInclude Include="libs\glm\gtc\integer.hpp">
      <Filter>libs\glm</Filter>
    </ClInclude>
    <ClInclude Include="libs\glm\gtc\matrix_access.hpp">
      <Filter>libs\glm</Filter>
    </ClInclude>
    <ClInclude Include="libs\glm\gtc\matrix_integer.hpp">
      <Filter>libs\glm</Filter>
    </ClInclude>
    <ClInclude Include="libs\glm\gtc\matrix_inverse.hpp">
      <Filter>libs\glm</Filter>
    </ClInclude>
    <ClInclude Include="libs\glm\gtc\matrix_transform.hpp">
      <Filter>libs\glm</Filter>
    </ClInclude>
    <ClInclude Include="libs\glm\gtc\noise.hpp">
      <Filter>libs\glm</Filter>
    </ClInclude>
    <ClInclude Include="libs\glm\gtc\packing.hpp">
      <Filter>libs\glm</Filter>
    </ClInclude>
    <ClInclude Include="libs\glm\gtc\quaternion.hpp">
      <Filter>libs\glm</Filter>
    </ClInclude>
    <ClInclude Include="libs\glm\gtc\random.hpp">
      <Filter>libs\glm</Filter>
    </ClInclude>
    <ClInclude Include="libs\glm\gtc\reciprocal.hpp">
      <Filter>libs\glm</Filter>
    </ClInclude>
    <ClInclude Include="libs\glm\gtc\round.hpp">
      <Filter>libs\glm</Filter>
    </ClInclude>
    <ClInclude Include="libs\glm\gtc\type_precision.hpp">
      <Filter>libs\glm</Filter>
    </ClInclude>
    <ClInclude Include="libs\glm\gtc\type_ptr.hpp">
      <Filter>libs\glm</Filter>
    </ClInclude>
    <ClInclude Include="libs\glm\gtc\ulp.hpp">
      <Filter>libs\glm</Filter>
    </ClInclude>
    <ClInclude Include="libs\glm\gtc\vec1.hpp">
      <Filter>libs\glm</Filter>
    </ClInclude>
    <ClInclude Include="libs\glm\gtx\associated_min_max.hpp">
      <Filter>libs\glm</Filter>
    </ClInclude>
    <ClInclude Include="libs\glm\gtx\bit.hpp">
      <Filter>libs\glm</Filter>
    </ClInclude>
    <ClInclude Include="libs\glm\gtx\closest_point.hpp">
      <Filter>libs\glm</Filter>
    </ClInclude>
    <ClInclude Include="libs\glm\gtx\color_space.hpp">
      <Filter>libs\glm</Filter>
    </ClInclude>
    <ClInclude Include="libs\glm\gtx\color_space_YCoCg.hpp">
      <Filter>libs\glm</Filter>
    </ClInclude>
    <ClInclude Include="libs\glm\gtx\common.hpp">
      <Filter>libs\glm</Filter>
    </ClInclude>
    <ClInclude Include="libs\glm\gtx\compatibility.hpp">
      <Filter>libs\glm</Filter>
    </ClInclude>
    <ClInclude Include="libs\glm\gtx\component_wise.hpp">
      <Filter>libs\glm</Filter>
    </ClInclude>
    <ClInclude Include="libs\glm\gtx\dual_quaternion.hpp">
      <Filter>libs\glm</Filter>
    </ClInclude>
    <ClInclude Include="libs\glm\gtx\euler_angles.hpp">
      <Filter>libs\glm</Filter>
    </ClInclude>
    <ClInclude Include="libs\glm\gtx\extend.hpp">
      <Filter>libs\glm</Filter>
    </ClInclude>
    <ClInclude Include="libs\glm\gtx\extented_min_max.hpp">
      <Filter>libs\glm</Filter>
    </ClInclude>
    <ClInclude Include="libs\glm\gtx\fast_exponential.hpp">
      <Filter>libs\glm</Filter>
    </ClInclude>
    <ClInclude Include="libs\glm\gtx\fast_square_root.hpp">
      <Filter>libs\glm</Filter>
    </ClInclude>
    <ClInclude Include="libs\glm\gtx\fast_trigonometry.hpp">
      <Filter>libs\glm</Filter>
    </ClInclude>
    <ClInclude Include="libs\glm\gtx\gradient_paint.hpp">
      <Filter>libs\glm</Filter>
    </ClInclude>
    <ClInclude Include="libs\glm\gtx\handed_coordinate_space.hpp">
      <Filter>libs\glm</Filter>
    </ClInclude>
    <ClInclude Include="libs\glm\gtx\integer.hpp">
      <Filter>libs\glm</Filter>
    </ClInclude>
    <ClInclude Include="libs\glm\gtx\intersect.hpp">
      <Filter>libs\glm</Filter>
    </ClInclude>
    <ClInclude Include="libs\glm\gtx\io.hpp">
      <Filter>libs\glm</Filter>
    </ClInclude>
    <ClInclude Include="libs\glm\gtx\log_base.hpp">
      <Filter>libs\glm</Filter>
    </ClInclude>
    <ClInclude Include="libs\glm\gtx\matrix_cross_product.hpp">
      <Filter>libs\glm</Filter>
    </ClInclude>
    <ClInclude Include="libs\glm\gtx\matrix_decompose.hpp">
      <Filter>libs\glm</Filter>
    </ClInclude>
    <ClInclude Include="libs\glm\gtx\matrix_interpolation.hpp">
      <Filter>libs\glm</Filter>
    </ClInclude>
    <ClInclude Include="libs\glm\gtx\matrix_major_storage.hpp">
      <Filter>libs\glm</Filter>
    </ClInclude>
    <ClInclude Include="libs\glm\gtx\matrix_operation.hpp">
      <Filter>libs\glm</Filter>
    </ClInclude>
    <ClInclude Include="libs\glm\gtx\matrix_query.hpp">
      <Filter>libs\glm</Filter>
    </ClInclude>
    <ClInclude Include="libs\glm\gtx\matrix_transform_2d.hpp">
      <Filter>libs\glm</Filter>
    </ClInclude>
    <ClInclude Include="libs\glm\gtx\mixed_product.hpp">
      <Filter>libs\glm</Filter>
    </ClInclude>
    <ClInclude Include="libs\glm\gtx\multiple.hpp">
      <Filter>libs\glm</Filter>
    </ClInclude>
    <ClInclude Include="libs\glm\gtx\norm.hpp">
      <Filter>libs\glm</Filter>
    </ClInclude>
    <ClInclude Include="libs\glm\gtx\normal.hpp">
      <Filter>libs\glm</Filter>
    </ClInclude>
    <ClInclude Include="libs\glm\gtx\normalize_dot.hpp">
      <Filter>libs\glm</Filter>
    </ClInclude>
    <ClInclude Include="libs\glm\gtx\number_precision.hpp">
      <Filter>libs\glm</Filter>
    </ClInclude>
    <ClInclude Include="libs\glm\gtx\optimum_pow.hpp">
      <Filter>libs\glm</Filter>
    </ClInclude>
    <ClInclude Include="libs\glm\gtx\orthonormalize.hpp">
      <Filter>libs\glm</Filter>
    </ClInclude>
    <ClInclude Include="libs\glm\gtx\perpendicular.hpp">
      <Filter>libs\glm</Filter>
    </ClInclude>
    <ClInclude Include="libs\glm\gtx\polar_coordinates.hpp">
      <Filter>libs\glm</Filter>
    </ClInclude>
    <ClInclude Include="libs\glm\gtx\projection.hpp">
      <Filter>libs\glm</Filter>
    </ClInclude>
    <ClInclude Include="libs\glm\gtx\quaternion.hpp">
      <Filter>libs\glm</Filter>
    </ClInclude>
    <ClInclude Include="libs\glm\gtx\range.hpp">
      <Filter>libs\glm</Filter>
    </ClInclude>
    <ClInclude Include="libs\glm\gtx\raw_data.hpp">
      <Filter>libs\glm</Filter>
    </ClInclude>
    <ClInclude Include="libs\glm\gtx\rotate_normalized_axis.hpp">
      <Filter>libs\glm</Filter>
    </ClInclude>
    <ClInclude Include="libs\glm\gtx\rotate_vector.hpp">
      <Filter>libs\glm</Filter>
    </ClInclude>
    <ClInclude Include="libs\glm\gtx\scalar_multiplication.hpp">
      <Filter>libs\glm</Filter>
    </ClInclude>
    <ClInclude Include="libs\glm\gtx\scalar_relational.hpp">
      <Filter>libs\glm</Filter>
    </ClInclude>
    <ClInclude Include="libs\glm\gtx\simd_mat4.hpp">
      <Filter>libs\glm</Filter>
    </ClInclude>
    <ClInclude Include="libs\glm\gtx\simd_quat.hpp">
      <Filter>libs\glm</Filter>
    </ClInclude>
    <ClInclude Include="libs\glm\gtx\simd_vec4.hpp">
      <Filter>libs\glm</Filter>
    </ClInclude>
    <ClInclude Include="libs\glm\gtx\spline.hpp">
      <Filter>libs\glm</Filter>
    </ClInclude>
    <ClInclude Include="libs\glm\gtx\std_based_type.hpp">
      <Filter>libs\glm</Filter>
    </ClInclude>
    <ClInclude Include="libs\glm\gtx\string_cast.hpp">
      <Filter>libs\glm</Filter>
    </ClInclude>
    <ClInclude Include="libs\glm\gtx\transform.hpp">
      <Filter>libs\glm</Filter>
    </ClInclude>
    <ClInclude Include="libs\glm\gtx\transform2.hpp">
      <Filter>libs\glm</Filter>
    </ClInclude>
    <ClInclude Include="libs\glm\gtx\type_aligned.hpp">
      <Filter>libs\glm</Filter>
    </ClInclude>
    <ClInclude Include="libs\glm\gtx\vector_angle.hpp">
      <Filter>libs\glm</Filter>
    </ClInclude>
    <ClInclude Include="libs\glm\gtx\vector_query.hpp">
      <Filter>libs\glm</Filter>
    </ClInclude>
    <ClInclude Include="libs\glm\gtx\wrap.hpp">
      <Filter>libs\glm</Filter>
    </ClInclude>
    <ClInclude Include="libs\glm\integer.hpp">
      <Filter>libs\glm</Filter>
    </ClInclude>
    <ClInclude Include="libs\glm\mat2x2.hpp">
      <Filter>libs\glm</Filter>
    </ClInclude>
    <ClInclude Include="libs\glm\mat2x3.hpp">
      <Filter>libs\glm</Filter>
    </ClInclude>
    <ClInclude Include="libs\glm\mat2x4.hpp">
      <Filter>libs\glm</Filter>
    </ClInclude>
    <ClInclude Include="libs\glm\mat3x2.hpp">
      <Filter>libs\glm</Filter>
    </ClInclude>
    <ClInclude Include="libs\glm\mat3x3.hpp">
      <Filter>libs\glm</Filter>
    </ClInclude>
    <ClInclude Include="libs\glm\mat3x4.hpp">
      <Filter>libs\glm</Filter>
    </ClInclude>
    <ClInclude Include="libs\glm\mat4x2.hpp">
      <Filter>libs\glm</Filter>
    </ClInclude>
    <ClInclude Include="libs\glm\mat4x3.hpp">
      <Filter>libs\glm</Filter>
    </ClInclude>
    <ClInclude Include="libs\glm\mat4x4.hpp">
      <Filter>libs\glm</Filter>
    </ClInclude>
    <ClInclude Include="libs\glm\matrix.hpp">
      <Filter>libs\glm</Filter>
    </ClInclude>
    <ClInclude Include="libs\glm\packing.hpp">
      <Filter>libs\glm</Filter>
    </ClInclude>
    <ClInclude Include="libs\glm\trigonometric.hpp">
      <Filter>libs\glm</Filter>
    </ClInclude>
    <ClInclude Include="libs\glm\vec2.hpp">
      <Filter>libs\glm</Filter>
    </ClInclude>
    <ClInclude Include="libs\glm\vec3.hpp">
      <Filter>libs\glm</Filter>
    </ClInclude>
    <ClInclude Include="libs\glm\vec4.hpp">
      <Filter>libs\glm</Filter>
    </ClInclude>
    <ClInclude Include="libs\glm\vector_relational.hpp">
      <Filter>libs\glm</Filter>
    </ClInclude>
    <ClInclude Include="jni\graphics\Rectangle.h">
      <Filter>jni\scene\components\shapes</Filter>
    </ClInclude>
    <ClInclude Include="jni\graphics\Shape.h">
      <Filter>jni\scene\components\shapes</Filter>
    </ClInclude>
    <ClInclude Include="jni\graphics\SpriteBatch.h">
      <Filter>jni\graphics</Filter>
    </ClInclude>
    <ClInclude Include="jni\audio\AudioPlayer.h">
      <Filter>jni\audio</Filter>
    </ClInclude>
    <ClInclude Include="jni\audio\Audio.h">
      <Filter>jni\audio</Filter>
    </ClInclude>
    <ClInclude Include="jni\structs\MemoryTrack.h">
      <Filter>structs</Filter>
    </ClInclude>
    <ClInclude Include="jni\resources\ResourceManager.h">
      <Filter>jni\resources</Filter>
    </ClInclude>
    <ClInclude Include="jni\audio\AudioManager.h">
      <Filter>jni\audio</Filter>
    </ClInclude>
    <ClInclude Include="jni\core\Input.h">
      <Filter>jni\core</Filter>
    </ClInclude>
    <ClInclude Include="jni\core\Time.h">
      <Filter>jni\core</Filter>
    </ClInclude>
    <ClInclude Include="libs\stb_easy_font.h">
      <Filter>libs</Filter>
    </ClInclude>
    <ClInclude Include="jni\core\Log.h">
      <Filter>jni\core\debug-tools</Filter>
    </ClInclude>
    <ClInclude Include="jni\core\Memory.h">
      <Filter>jni\core\debug-tools</Filter>
    </ClInclude>
    <ClInclude Include="jni\core\Passert.h">
      <Filter>jni\core\debug-tools</Filter>
    </ClInclude>
    <ClInclude Include="jni\core\Application.h">
      <Filter>jni\core\application</Filter>
    </ClInclude>
    <ClInclude Include="jni\core\WindowHandler.h">
      <Filter>jni\core\application</Filter>
    </ClInclude>
    <ClInclude Include="jni\resources\Resource.h">
      <Filter>jni\resources</Filter>
    </ClInclude>
    <ClInclude Include="jni\resources\TextResource.h">
      <Filter>jni\resources</Filter>
    </ClInclude>
    <ClInclude Include="jni\resources\ImageResource.h">
      <Filter>jni\resources</Filter>
    </ClInclude>
    <ClInclude Include="jni\core\Vector2.h">
      <Filter>jni\core</Filter>
    </ClInclude>
    <ClInclude Include="jni\core\Vector3.h">
      <Filter>jni\core</Filter>
    </ClInclude>
    <ClInclude Include="jni\scene\GameEntity.h">
      <Filter>jni\scene</Filter>
    </ClInclude>
    <ClInclude Include="jni\scene\Transformable.h">
      <Filter>jni\scene\components</Filter>
    </ClInclude>
    <ClInclude Include="jni\core\Game.h">
      <Filter>jni\core</Filter>
    </ClInclude>
    <ClInclude Include="jni\graphics\Shader.h">
      <Filter>jni\graphics\shaders</Filter>
    </ClInclude>
    <ClInclude Include="jni\scene\Scene.h">
      <Filter>jni\scene</Filter>
    </ClInclude>
    <ClInclude Include="jni\graphics\Color.h">
      <Filter>jni\scene\components</Filter>
    </ClInclude>
    <ClInclude Include="jni\graphics\Drawable.h">
      <Filter>jni\scene\components</Filter>
    </ClInclude>
    <ClInclude Include="jni\graphics\TextureRectangle.h">
      <Filter>jni\scene\components</Filter>
    </ClInclude>
    <ClInclude Include="jni\scene\Component.h">
      <Filter>jni\scene\components</Filter>
    </ClInclude>
    <ClInclude Include="jni\graphics\Batch.h">
      <Filter>jni\graphics</Filter>
    </ClInclude>
    <ClInclude Include="jni\graphics\RenderSystem.h">
      <Filter>jni\graphics</Filter>
    </ClInclude>
    <ClInclude Include="jni\graphics\Buffer.h">
      <Filter>jni\graphics</Filter>
    </ClInclude>
    <ClInclude Include="jni\graphics\Sprite.h">
      <Filter>jni\graphics</Filter>
    </ClInclude>
    <ClInclude Include="jni\resources\FontResource.h">
      <Filter>jni\resources</Filter>
    </ClInclude>
    <ClInclude Include="jni\resources\TextureFactory.h">
      <Filter>jni\resources</Filter>
    </ClInclude>
    <ClInclude Include="jni\scene\Texture.h">
      <Filter>jni\scene\components</Filter>
    </ClInclude>
    <ClInclude Include="jni\core\EventHandler.h">
      <Filter>jni\core\application</Filter>
    </ClInclude>
    <ClInclude Include="jni\graphics\Text.h">
      <Filter>jni\graphics</Filter>
    </ClInclude>
    <ClInclude Include="jni\structs\ShaderVertexAttrib.h">
      <Filter>structs</Filter>
    </ClInclude>
  </ItemGroup>
  <ItemGroup>
    <None Include="libs\glm\detail\func_common.inl">
      <Filter>libs\glm</Filter>
    </None>
    <None Include="libs\glm\detail\func_exponential.inl">
      <Filter>libs\glm</Filter>
    </None>
    <None Include="libs\glm\detail\func_geometric.inl">
      <Filter>libs\glm</Filter>
    </None>
    <None Include="libs\glm\detail\func_integer.inl">
      <Filter>libs\glm</Filter>
    </None>
    <None Include="libs\glm\detail\func_matrix.inl">
      <Filter>libs\glm</Filter>
    </None>
    <None Include="libs\glm\detail\func_noise.inl">
      <Filter>libs\glm</Filter>
    </None>
    <None Include="libs\glm\detail\func_packing.inl">
      <Filter>libs\glm</Filter>
    </None>
    <None Include="libs\glm\detail\func_trigonometric.inl">
      <Filter>libs\glm</Filter>
    </None>
    <None Include="libs\glm\detail\func_vector_relational.inl">
      <Filter>libs\glm</Filter>
    </None>
    <None Include="libs\glm\detail\intrinsic_common.inl">
      <Filter>libs\glm</Filter>
    </None>
    <None Include="libs\glm\detail\intrinsic_exponential.inl">
      <Filter>libs\glm</Filter>
    </None>
    <None Include="libs\glm\detail\intrinsic_geometric.inl">
      <Filter>libs\glm</Filter>
    </None>
    <None Include="libs\glm\detail\intrinsic_integer.inl">
      <Filter>libs\glm</Filter>
    </None>
    <None Include="libs\glm\detail\intrinsic_matrix.inl">
      <Filter>libs\glm</Filter>
    </None>
    <None Include="libs\glm\detail\intrinsic_trigonometric.inl">
      <Filter>libs\glm</Filter>
    </None>
    <None Include="libs\glm\detail\intrinsic_vector_relational.inl">
      <Filter>libs\glm</Filter>
    </None>
    <None Include="libs\glm\detail\type_gentype.inl">
      <Filter>libs\glm</Filter>
    </None>
    <None Include="libs\glm\detail\type_half.inl">
      <Filter>libs\glm</Filter>
    </None>
    <None Include="libs\glm\detail\type_mat.inl">
      <Filter>libs\glm</Filter>
    </None>
    <None Include="libs\glm\detail\type_mat2x2.inl">
      <Filter>libs\glm</Filter>
    </None>
    <None Include="libs\glm\detail\type_mat2x3.inl">
      <Filter>libs\glm</Filter>
    </None>
    <None Include="libs\glm\detail\type_mat2x4.inl">
      <Filter>libs\glm</Filter>
    </None>
    <None Include="libs\glm\detail\type_mat3x2.inl">
      <Filter>libs\glm</Filter>
    </None>
    <None Include="libs\glm\detail\type_mat3x3.inl">
      <Filter>libs\glm</Filter>
    </None>
    <None Include="libs\glm\detail\type_mat3x4.inl">
      <Filter>libs\glm</Filter>
    </None>
    <None Include="libs\glm\detail\type_mat4x2.inl">
      <Filter>libs\glm</Filter>
    </None>
    <None Include="libs\glm\detail\type_mat4x3.inl">
      <Filter>libs\glm</Filter>
    </None>
    <None Include="libs\glm\detail\type_mat4x4.inl">
      <Filter>libs\glm</Filter>
    </None>
    <None Include="libs\glm\detail\type_vec.inl">
      <Filter>libs\glm</Filter>
    </None>
    <None Include="libs\glm\detail\type_vec1.inl">
      <Filter>libs\glm</Filter>
    </None>
    <None Include="libs\glm\detail\type_vec2.inl">
      <Filter>libs\glm</Filter>
    </None>
    <None Include="libs\glm\detail\type_vec3.inl">
      <Filter>libs\glm</Filter>
    </None>
    <None Include="libs\glm\detail\type_vec4.inl">
      <Filter>libs\glm</Filter>
    </None>
    <None Include="libs\glm\detail\type_vec4_avx.inl">
      <Filter>libs\glm</Filter>
    </None>
    <None Include="libs\glm\detail\type_vec4_avx2.inl">
      <Filter>libs\glm</Filter>
    </None>
    <None Include="libs\glm\detail\type_vec4_sse2.inl">
      <Filter>libs\glm</Filter>
    </None>
    <None Include="libs\glm\gtc\bitfield.inl">
      <Filter>libs\glm</Filter>
    </None>
    <None Include="libs\glm\gtc\constants.inl">
      <Filter>libs\glm</Filter>
    </None>
    <None Include="libs\glm\gtc\epsilon.inl">
      <Filter>libs\glm</Filter>
    </None>
    <None Include="libs\glm\gtc\integer.inl">
      <Filter>libs\glm</Filter>
    </None>
    <None Include="libs\glm\gtc\matrix_access.inl">
      <Filter>libs\glm</Filter>
    </None>
    <None Include="libs\glm\gtc\matrix_inverse.inl">
      <Filter>libs\glm</Filter>
    </None>
    <None Include="libs\glm\gtc\matrix_transform.inl">
      <Filter>libs\glm</Filter>
    </None>
    <None Include="libs\glm\gtc\noise.inl">
      <Filter>libs\glm</Filter>
    </None>
    <None Include="libs\glm\gtc\packing.inl">
      <Filter>libs\glm</Filter>
    </None>
    <None Include="libs\glm\gtc\quaternion.inl">
      <Filter>libs\glm</Filter>
    </None>
    <None Include="libs\glm\gtc\random.inl">
      <Filter>libs\glm</Filter>
    </None>
    <None Include="libs\glm\gtc\reciprocal.inl">
      <Filter>libs\glm</Filter>
    </None>
    <None Include="libs\glm\gtc\round.inl">
      <Filter>libs\glm</Filter>
    </None>
    <None Include="libs\glm\gtc\type_precision.inl">
      <Filter>libs\glm</Filter>
    </None>
    <None Include="libs\glm\gtc\type_ptr.inl">
      <Filter>libs\glm</Filter>
    </None>
    <None Include="libs\glm\gtc\ulp.inl">
      <Filter>libs\glm</Filter>
    </None>
    <None Include="libs\glm\gtc\vec1.inl">
      <Filter>libs\glm</Filter>
    </None>
    <None Include="libs\glm\gtx\associated_min_max.inl">
      <Filter>libs\glm</Filter>
    </None>
    <None Include="libs\glm\gtx\bit.inl">
      <Filter>libs\glm</Filter>
    </None>
    <None Include="libs\glm\gtx\closest_point.inl">
      <Filter>libs\glm</Filter>
    </None>
    <None Include="libs\glm\gtx\color_space.inl">
      <Filter>libs\glm</Filter>
    </None>
    <None Include="libs\glm\gtx\color_space_YCoCg.inl">
      <Filter>libs\glm</Filter>
    </None>
    <None Include="libs\glm\gtx\common.inl">
      <Filter>libs\glm</Filter>
    </None>
    <None Include="libs\glm\gtx\compatibility.inl">
      <Filter>libs\glm</Filter>
    </None>
    <None Include="libs\glm\gtx\component_wise.inl">
      <Filter>libs\glm</Filter>
    </None>
    <None Include="libs\glm\gtx\dual_quaternion.inl">
      <Filter>libs\glm</Filter>
    </None>
    <None Include="libs\glm\gtx\euler_angles.inl">
      <Filter>libs\glm</Filter>
    </None>
    <None Include="libs\glm\gtx\extend.inl">
      <Filter>libs\glm</Filter>
    </None>
    <None Include="libs\glm\gtx\extented_min_max.inl">
      <Filter>libs\glm</Filter>
    </None>
    <None Include="libs\glm\gtx\fast_exponential.inl">
      <Filter>libs\glm</Filter>
    </None>
    <None Include="libs\glm\gtx\fast_square_root.inl">
      <Filter>libs\glm</Filter>
    </None>
    <None Include="libs\glm\gtx\fast_trigonometry.inl">
      <Filter>libs\glm</Filter>
    </None>
    <None Include="libs\glm\gtx\gradient_paint.inl">
      <Filter>libs\glm</Filter>
    </None>
    <None Include="libs\glm\gtx\handed_coordinate_space.inl">
      <Filter>libs\glm</Filter>
    </None>
    <None Include="libs\glm\gtx\integer.inl">
      <Filter>libs\glm</Filter>
    </None>
    <None Include="libs\glm\gtx\intersect.inl">
      <Filter>libs\glm</Filter>
    </None>
    <None Include="libs\glm\gtx\io.inl">
      <Filter>libs\glm</Filter>
    </None>
    <None Include="libs\glm\gtx\log_base.inl">
      <Filter>libs\glm</Filter>
    </None>
    <None Include="libs\glm\gtx\matrix_cross_product.inl">
      <Filter>libs\glm</Filter>
    </None>
    <None Include="libs\glm\gtx\matrix_decompose.inl">
      <Filter>libs\glm</Filter>
    </None>
    <None Include="libs\glm\gtx\matrix_interpolation.inl">
      <Filter>libs\glm</Filter>
    </None>
    <None Include="libs\glm\gtx\matrix_major_storage.inl">
      <Filter>libs\glm</Filter>
    </None>
    <None Include="libs\glm\gtx\matrix_operation.inl">
      <Filter>libs\glm</Filter>
    </None>
    <None Include="libs\glm\gtx\matrix_query.inl">
      <Filter>libs\glm</Filter>
    </None>
    <None Include="libs\glm\gtx\matrix_transform_2d.inl">
      <Filter>libs\glm</Filter>
    </None>
    <None Include="libs\glm\gtx\mixed_product.inl">
      <Filter>libs\glm</Filter>
    </None>
    <None Include="libs\glm\gtx\multiple.inl">
      <Filter>libs\glm</Filter>
    </None>
    <None Include="libs\glm\gtx\norm.inl">
      <Filter>libs\glm</Filter>
    </None>
    <None Include="libs\glm\gtx\normal.inl">
      <Filter>libs\glm</Filter>
    </None>
    <None Include="libs\glm\gtx\normalize_dot.inl">
      <Filter>libs\glm</Filter>
    </None>
    <None Include="libs\glm\gtx\number_precision.inl">
      <Filter>libs\glm</Filter>
    </None>
    <None Include="libs\glm\gtx\optimum_pow.inl">
      <Filter>libs\glm</Filter>
    </None>
    <None Include="libs\glm\gtx\orthonormalize.inl">
      <Filter>libs\glm</Filter>
    </None>
    <None Include="libs\glm\gtx\perpendicular.inl">
      <Filter>libs\glm</Filter>
    </None>
    <None Include="libs\glm\gtx\polar_coordinates.inl">
      <Filter>libs\glm</Filter>
    </None>
    <None Include="libs\glm\gtx\projection.inl">
      <Filter>libs\glm</Filter>
    </None>
    <None Include="libs\glm\gtx\quaternion.inl">
      <Filter>libs\glm</Filter>
    </None>
    <None Include="libs\glm\gtx\raw_data.inl">
      <Filter>libs\glm</Filter>
    </None>
    <None Include="libs\glm\gtx\rotate_normalized_axis.inl">
      <Filter>libs\glm</Filter>
    </None>
    <None Include="libs\glm\gtx\rotate_vector.inl">
      <Filter>libs\glm</Filter>
    </None>
    <None Include="libs\glm\gtx\scalar_relational.inl">
      <Filter>libs\glm</Filter>
    </None>
    <None Include="libs\glm\gtx\simd_mat4.inl">
      <Filter>libs\glm</Filter>
    </None>
    <None Include="libs\glm\gtx\simd_quat.inl">
      <Filter>libs\glm</Filter>
    </None>
    <None Include="libs\glm\gtx\simd_vec4.inl">
      <Filter>libs\glm</Filter>
    </None>
    <None Include="libs\glm\gtx\spline.inl">
      <Filter>libs\glm</Filter>
    </None>
    <None Include="libs\glm\gtx\std_based_type.inl">
      <Filter>libs\glm</Filter>
    </None>
    <None Include="libs\glm\gtx\string_cast.inl">
      <Filter>libs\glm</Filter>
    </None>
    <None Include="libs\glm\gtx\transform.inl">
      <Filter>libs\glm</Filter>
    </None>
    <None Include="libs\glm\gtx\transform2.inl">
      <Filter>libs\glm</Filter>
    </None>
    <None Include="libs\glm\gtx\type_aligned.inl">
      <Filter>libs\glm</Filter>
    </None>
    <None Include="libs\glm\gtx\vector_angle.inl">
      <Filter>libs\glm</Filter>
    </None>
    <None Include="libs\glm\gtx\vector_query.inl">
      <Filter>libs\glm</Filter>
    </None>
    <None Include="libs\glm\gtx\wrap.inl">
      <Filter>libs\glm</Filter>
    </None>
  </ItemGroup>
</Project>