<?xml version="1.0" encoding="utf-8"?>
<Project ToolsVersion="4.0" xmlns="http://schemas.microsoft.com/developer/msbuild/2003">
  <ItemGroup>
    <ClCompile Include="..\Peramoottori\jni\core\Application.cpp">
      <Filter>Source Files</Filter>
    </ClCompile>
    <ClCompile Include="..\Peramoottori\jni\audio\Audio.cpp">
      <Filter>Source Files</Filter>
    </ClCompile>
    <ClCompile Include="..\Peramoottori\jni\audio\AudioManager.cpp">
      <Filter>Source Files</Filter>
    </ClCompile>
    <ClCompile Include="..\Peramoottori\jni\audio\AudioPlayer.cpp">
      <Filter>Source Files</Filter>
    </ClCompile>
    <ClCompile Include="..\Peramoottori\jni\graphics\Batch.cpp">
      <Filter>Source Files</Filter>
    </ClCompile>
    <ClCompile Include="..\Peramoottori\jni\graphics\Buffer.cpp">
      <Filter>Source Files</Filter>
    </ClCompile>
    <ClCompile Include="..\Peramoottori\jni\graphics\Color.cpp">
      <Filter>Source Files</Filter>
    </ClCompile>
    <ClCompile Include="..\Peramoottori\jni\scene\Component.cpp">
      <Filter>Source Files</Filter>
    </ClCompile>
    <ClCompile Include="..\Peramoottori\jni\scene\GameEntity.cpp">
      <Filter>Source Files</Filter>
    </ClCompile>
    <ClCompile Include="..\Peramoottori\jni\core\Input.cpp">
      <Filter>Source Files</Filter>
    </ClCompile>
    <ClCompile Include="..\Peramoottori\jni\core\Log.cpp">
      <Filter>Source Files</Filter>
    </ClCompile>
    <ClCompile Include="..\Peramoottori\jni\core\Memory.cpp">
      <Filter>Source Files</Filter>
    </ClCompile>
    <ClCompile Include="..\Peramoottori\jni\core\Passert.cpp">
      <Filter>Source Files</Filter>
    </ClCompile>
    <ClCompile Include="..\Peramoottori\jni\graphics\Rectangle.cpp">
      <Filter>Source Files</Filter>
    </ClCompile>
    <ClCompile Include="..\Peramoottori\jni\graphics\RenderSystem.cpp">
      <Filter>Source Files</Filter>
    </ClCompile>
    <ClCompile Include="..\Peramoottori\jni\resources\ResourceManager.cpp">
      <Filter>Source Files</Filter>
    </ClCompile>
    <ClCompile Include="..\Peramoottori\jni\graphics\Shader.cpp">
      <Filter>Source Files</Filter>
    </ClCompile>
    <ClCompile Include="..\Peramoottori\jni\graphics\SpriteBatch.cpp">
      <Filter>Source Files</Filter>
    </ClCompile>
    <ClCompile Include="..\Peramoottori\jni\graphics\Text.cpp">
      <Filter>Source Files</Filter>
    </ClCompile>
    <ClCompile Include="..\Peramoottori\jni\scene\Texture.cpp">
      <Filter>Source Files</Filter>
    </ClCompile>
    <ClCompile Include="..\Peramoottori\jni\resources\TextureFactory.cpp">
      <Filter>Source Files</Filter>
    </ClCompile>
    <ClCompile Include="..\Peramoottori\jni\core\Time.cpp">
      <Filter>Source Files</Filter>
    </ClCompile>
    <ClCompile Include="..\Peramoottori\jni\scene\Transformable.cpp">
      <Filter>Source Files</Filter>
    </ClCompile>
    <ClCompile Include="..\Peramoottori\jni\core\WindowHandler.cpp">
      <Filter>Source Files</Filter>
    </ClCompile>
    <ClCompile Include="..\Peramoottori\jni\core\CommandCenter.cpp">
      <Filter>Source Files</Filter>
    </ClCompile>
    <ClCompile Include="..\Peramoottori\jni\scene\TextureCoordinates.cpp">
      <Filter>Source Files</Filter>
    </ClCompile>
    <ClCompile Include="..\Peramoottori\jni\scene\Camera.cpp">
      <Filter>Source Files</Filter>
    </ClCompile>
    <ClCompile Include="..\Peramoottori\jni\scene\CameraSystem.cpp">
      <Filter>Source Files</Filter>
    </ClCompile>
    <ClCompile Include="..\Peramoottori\jni\scene\PhysicsSystem.cpp">
      <Filter>Source Files</Filter>
    </ClCompile>
    <ClCompile Include="..\Peramoottori\jni\scene\Physics.cpp">
      <Filter>Source Files</Filter>
    </ClCompile>
    <ClCompile Include="..\Peramoottori\jni\core\Profiler.cpp" />
    <ClCompile Include="..\Peramoottori\jni\core\ProfilerManager.cpp" />
    <ClCompile Include="..\Peramoottori\jni\Main.cpp" />
    <ClCompile Include="..\Peramoottori\jni\scene\Scene.cpp" />
    <ClCompile Include="..\Peramoottori\jni\scene\SceneManager.cpp" />
    <ClCompile Include="..\Peramoottori\jni\scene\Name.cpp">
      <Filter>Header Files</Filter>
    </ClCompile>
  </ItemGroup>
  <ItemGroup>
    <Filter Include="Source Files">
      <UniqueIdentifier>{33248191-a48e-48e2-8695-540b4eef4d09}</UniqueIdentifier>
    </Filter>
    <Filter Include="Header Files">
      <UniqueIdentifier>{8c90f44f-1840-45c2-9f15-bcc3b03219d9}</UniqueIdentifier>
    </Filter>
  </ItemGroup>
  <ItemGroup>
    <ClInclude Include="..\Peramoottori\jni\core\Application.h">
      <Filter>Header Files</Filter>
    </ClInclude>
    <ClInclude Include="..\Peramoottori\jni\audio\Audio.h">
      <Filter>Header Files</Filter>
    </ClInclude>
    <ClInclude Include="..\Peramoottori\jni\audio\AudioManager.h">
      <Filter>Header Files</Filter>
    </ClInclude>
    <ClInclude Include="..\Peramoottori\jni\audio\AudioPlayer.h">
      <Filter>Header Files</Filter>
    </ClInclude>
    <ClInclude Include="..\Peramoottori\jni\resources\AudioResource.h">
      <Filter>Header Files</Filter>
    </ClInclude>
    <ClInclude Include="..\Peramoottori\jni\graphics\Batch.h">
      <Filter>Header Files</Filter>
    </ClInclude>
    <ClInclude Include="..\Peramoottori\jni\graphics\Buffer.h">
      <Filter>Header Files</Filter>
    </ClInclude>
    <ClInclude Include="..\Peramoottori\jni\graphics\Color.h">
      <Filter>Header Files</Filter>
    </ClInclude>
    <ClInclude Include="..\Peramoottori\jni\scene\Component.h">
      <Filter>Header Files</Filter>
    </ClInclude>
    <ClInclude Include="..\Peramoottori\jni\graphics\Drawable.h">
      <Filter>Header Files</Filter>
    </ClInclude>
    <ClInclude Include="..\Peramoottori\jni\resources\FontResource.h">
      <Filter>Header Files</Filter>
    </ClInclude>
    <ClInclude Include="..\Peramoottori\jni\scene\GameEntity.h">
      <Filter>Header Files</Filter>
    </ClInclude>
    <ClInclude Include="..\Peramoottori\jni\resources\ImageResource.h">
      <Filter>Header Files</Filter>
    </ClInclude>
    <ClInclude Include="..\Peramoottori\jni\core\Input.h">
      <Filter>Header Files</Filter>
    </ClInclude>
    <ClInclude Include="..\Peramoottori\jni\core\Log.h">
      <Filter>Header Files</Filter>
    </ClInclude>
    <ClInclude Include="..\Peramoottori\jni\core\Memory.h">
      <Filter>Header Files</Filter>
    </ClInclude>
    <ClInclude Include="..\Peramoottori\jni\structs\MemoryTrack.h">
      <Filter>Header Files</Filter>
    </ClInclude>
    <ClInclude Include="..\Peramoottori\jni\core\Passert.h">
      <Filter>Header Files</Filter>
    </ClInclude>
    <ClInclude Include="..\Peramoottori\jni\graphics\Rectangle.h">
      <Filter>Header Files</Filter>
    </ClInclude>
    <ClInclude Include="..\Peramoottori\jni\graphics\RenderSystem.h">
      <Filter>Header Files</Filter>
    </ClInclude>
    <ClInclude Include="..\Peramoottori\jni\resources\Resource.h">
      <Filter>Header Files</Filter>
    </ClInclude>
    <ClInclude Include="..\Peramoottori\jni\resources\ResourceManager.h">
      <Filter>Header Files</Filter>
    </ClInclude>
    <ClInclude Include="..\Peramoottori\jni\graphics\Shader.h">
      <Filter>Header Files</Filter>
    </ClInclude>
    <ClInclude Include="..\Peramoottori\jni\structs\ShaderVertexAttrib.h">
      <Filter>Header Files</Filter>
    </ClInclude>
    <ClInclude Include="..\Peramoottori\jni\graphics\Shape.h">
      <Filter>Header Files</Filter>
    </ClInclude>
    <ClInclude Include="..\Peramoottori\jni\graphics\SpriteBatch.h">
      <Filter>Header Files</Filter>
    </ClInclude>
    <ClInclude Include="..\Peramoottori\jni\graphics\Text.h">
      <Filter>Header Files</Filter>
    </ClInclude>
    <ClInclude Include="..\Peramoottori\jni\resources\TextResource.h">
      <Filter>Header Files</Filter>
    </ClInclude>
    <ClInclude Include="..\Peramoottori\jni\scene\Texture.h">
      <Filter>Header Files</Filter>
    </ClInclude>
    <ClInclude Include="..\Peramoottori\jni\resources\TextureFactory.h">
      <Filter>Header Files</Filter>
    </ClInclude>
    <ClInclude Include="..\Peramoottori\jni\core\Time.h">
      <Filter>Header Files</Filter>
    </ClInclude>
    <ClInclude Include="..\Peramoottori\jni\scene\Transformable.h">
      <Filter>Header Files</Filter>
    </ClInclude>
    <ClInclude Include="..\Peramoottori\jni\core\Vector2.h">
      <Filter>Header Files</Filter>
    </ClInclude>
    <ClInclude Include="..\Peramoottori\jni\core\Vector3.h">
      <Filter>Header Files</Filter>
    </ClInclude>
    <ClInclude Include="..\Peramoottori\jni\core\WindowHandler.h">
      <Filter>Header Files</Filter>
    </ClInclude>
    <ClInclude Include="..\Peramoottori\jni\core\CommandCenter.h">
      <Filter>Header Files</Filter>
    </ClInclude>
    <ClInclude Include="..\Peramoottori\jni\scene\TextureCoordinates.h">
      <Filter>Header Files</Filter>
    </ClInclude>
    <ClInclude Include="..\Peramoottori\jni\scene\Camera.h">
      <Filter>Header Files</Filter>
    </ClInclude>
    <ClInclude Include="..\Peramoottori\jni\scene\CameraSystem.h">
      <Filter>Header Files</Filter>
    </ClInclude>
    <ClInclude Include="..\Peramoottori\jni\scene\PhysicsSystem.h">
      <Filter>Header Files</Filter>
    </ClInclude>
    <ClInclude Include="..\Peramoottori\jni\scene\Physics.h">
      <Filter>Header Files</Filter>
    </ClInclude>
    <ClInclude Include="..\Peramoottori\jni\core\Profiler.h" />
    <ClInclude Include="..\Peramoottori\jni\core\ProfilerManager.h" />
    <ClInclude Include="..\Peramoottori\jni\scene\Scene.h" />
    <ClInclude Include="..\Peramoottori\jni\scene\SceneManager.h" />
    <ClInclude Include="..\Peramoottori\jni\scene\Name.h">
      <Filter>Header Files</Filter>
    </ClInclude>
  </ItemGroup>
</Project>