<?xml version="1.0" encoding="utf-8"?>
<Project ToolsVersion="4.0" xmlns="http://schemas.microsoft.com/developer/msbuild/2003">
  <ItemGroup>
    <Filter Include="jni">
      <UniqueIdentifier>c4bb2457-acd7-4c33-bc3d-50d21a46ef7f</UniqueIdentifier>
    </Filter>
    <Filter Include="res">
      <UniqueIdentifier>1ba8e0cd-6017-4b7d-a8c7-6de0209421fa</UniqueIdentifier>
    </Filter>
    <Filter Include="res\values">
      <UniqueIdentifier>d79f4fa2-2483-4d70-afbd-a58df1e1310d</UniqueIdentifier>
    </Filter>
    <Filter Include="PeraPeli">
      <UniqueIdentifier>{af1c0c43-3ef5-4917-ad21-1ff78010c52a}</UniqueIdentifier>
    </Filter>
    <Filter Include="PeraPeli\native_app_glue">
      <UniqueIdentifier>{710df038-a067-469f-892b-b74a94986eae}</UniqueIdentifier>
    </Filter>
    <Filter Include="assets">
      <UniqueIdentifier>{73b96635-d2f4-48e2-9131-36960e20f4d2}</UniqueIdentifier>
    </Filter>
    <Filter Include="jni\Custom components">
      <UniqueIdentifier>{f68163aa-acee-4747-9755-8ae1e0a614d1}</UniqueIdentifier>
    </Filter>
    <Filter Include="jni\Custom gameEntities">
      <UniqueIdentifier>{871db0ec-45aa-4832-9e4e-b05e04852669}</UniqueIdentifier>
    </Filter>
  </ItemGroup>
  <ItemGroup>
    <AndroidBuild Include="AndroidManifest.xml" />
    <AndroidBuild Include="res\values\strings.xml">
      <Filter>res\values</Filter>
    </AndroidBuild>
  </ItemGroup>
  <ItemGroup>
    <ClCompile Include="native_app_glue\android_native_app_glue.c">
      <Filter>PeraPeli\native_app_glue</Filter>
    </ClCompile>
    <ClCompile Include="jni\GameDemo.cpp">
      <Filter>jni</Filter>
    </ClCompile>
    <ClCompile Include="jni\main.cpp">
      <Filter>jni</Filter>
    </ClCompile>
    <ClCompile Include="..\Peramoottori\libs\lodepng.cpp">
      <Filter>PeraPeli</Filter>
    </ClCompile>
    <ClCompile Include="jni\RNG.cpp">
      <Filter>jni</Filter>
    </ClCompile>
    <ClCompile Include="jni\TailComponent.cpp">
      <Filter>jni\Custom components</Filter>
    </ClCompile>
    <ClCompile Include="jni\PhysicComponent.cpp">
      <Filter>jni\Custom components</Filter>
    </ClCompile>
    <ClCompile Include="jni\SpriteObject.cpp">
      <Filter>jni\Custom gameEntities</Filter>
    </ClCompile>
    <ClCompile Include="jni\TailEntity.cpp">
      <Filter>jni\Custom gameEntities</Filter>
    </ClCompile>
  </ItemGroup>
  <ItemGroup>
    <ClInclude Include="native_app_glue\android_native_app_glue.h">
      <Filter>PeraPeli\native_app_glue</Filter>
    </ClInclude>
    <ClInclude Include="jni\GameDemo.h">
      <Filter>jni</Filter>
    </ClInclude>
    <ClInclude Include="..\Peramoottori\libs\lodepng.h">
      <Filter>PeraPeli</Filter>
    </ClInclude>
    <ClInclude Include="jni\RNG.h">
      <Filter>jni</Filter>
    </ClInclude>
    <ClInclude Include="jni\TailComponent.h">
      <Filter>jni\Custom components</Filter>
    </ClInclude>
    <ClInclude Include="jni\PhysicComponent.h">
      <Filter>jni\Custom components</Filter>
    </ClInclude>
    <ClInclude Include="jni\SpriteObject.h">
      <Filter>jni\Custom gameEntities</Filter>
    </ClInclude>
    <ClInclude Include="jni\TailEntity.h">
      <Filter>jni\Custom gameEntities</Filter>
    </ClInclude>
  </ItemGroup>
  <ItemGroup>
    <None Include="assets\TestFragmentShader.txt">
      <Filter>assets</Filter>
    </None>
    <None Include="assets\TestVertexShader.txt">
      <Filter>assets</Filter>
    </None>
  </ItemGroup>
</Project>